// !$*UTF8*$!
{
	archiveVersion = 1;
	classes = {
	};
	objectVersion = 56;
	objects = {

/* Begin PBXBuildFile section */
		661DB27F28FFD4B300F79691 /* SnapKit in Frameworks */ = {isa = PBXBuildFile; productRef = 661DB27E28FFD4B300F79691 /* SnapKit */; };
		6657ACD329070C4B0004BD11 /* FindEmailViewController.swift in Sources */ = {isa = PBXBuildFile; fileRef = 6657ACD229070C4B0004BD11 /* FindEmailViewController.swift */; };
		6657ACD529070C540004BD11 /* FindPasswdViewController.swift in Sources */ = {isa = PBXBuildFile; fileRef = 6657ACD429070C540004BD11 /* FindPasswdViewController.swift */; };
		6657ACD7290767750004BD11 /* FindEmailResultViewController.swift in Sources */ = {isa = PBXBuildFile; fileRef = 6657ACD6290767750004BD11 /* FindEmailResultViewController.swift */; };
		6657ACD929077E0C0004BD11 /* ProfileUpdateViewController.swift in Sources */ = {isa = PBXBuildFile; fileRef = 6657ACD829077E0C0004BD11 /* ProfileUpdateViewController.swift */; };
		6657ACDB2907EC6D0004BD11 /* PasswdCheckViewController.swift in Sources */ = {isa = PBXBuildFile; fileRef = 6657ACDA2907EC6D0004BD11 /* PasswdCheckViewController.swift */; };
		665E927728F7BD130090B51F /* AppDelegate.swift in Sources */ = {isa = PBXBuildFile; fileRef = 665E927628F7BD130090B51F /* AppDelegate.swift */; };
		665E927928F7BD130090B51F /* SceneDelegate.swift in Sources */ = {isa = PBXBuildFile; fileRef = 665E927828F7BD130090B51F /* SceneDelegate.swift */; };
		665E928028F7BD140090B51F /* Assets.xcassets in Resources */ = {isa = PBXBuildFile; fileRef = 665E927F28F7BD140090B51F /* Assets.xcassets */; };
		665E928328F7BD140090B51F /* LaunchScreen.storyboard in Resources */ = {isa = PBXBuildFile; fileRef = 665E928128F7BD140090B51F /* LaunchScreen.storyboard */; };
		665E928B28F7BD660090B51F /* MainViewController.swift in Sources */ = {isa = PBXBuildFile; fileRef = 665E928A28F7BD660090B51F /* MainViewController.swift */; };
		665E929228F7C3370090B51F /* LoginNavigationController.swift in Sources */ = {isa = PBXBuildFile; fileRef = 665E929128F7C3370090B51F /* LoginNavigationController.swift */; };
		665E929428F83BF10090B51F /* UIButton+.swift in Sources */ = {isa = PBXBuildFile; fileRef = 665E929328F83BF10090B51F /* UIButton+.swift */; };
		665E929628F882520090B51F /* EmailLoginViewController.swift in Sources */ = {isa = PBXBuildFile; fileRef = 665E929528F882520090B51F /* EmailLoginViewController.swift */; };
		665E929B28F88D360090B51F /* EmailSignUpViewController.swift in Sources */ = {isa = PBXBuildFile; fileRef = 665E929A28F88D360090B51F /* EmailSignUpViewController.swift */; };
		6661AF6729178E5B003F18B0 /* NoticeOverview.swift in Sources */ = {isa = PBXBuildFile; fileRef = 6661AF6629178E5B003F18B0 /* NoticeOverview.swift */; };
		6661AF6929188EE2003F18B0 /* NoticeTableViewCell.swift in Sources */ = {isa = PBXBuildFile; fileRef = 6661AF6829188EE2003F18B0 /* NoticeTableViewCell.swift */; };
		6661AFAC291A63D3003F18B0 /* NoticeTableView.swift in Sources */ = {isa = PBXBuildFile; fileRef = 6661AFAB291A63D3003F18B0 /* NoticeTableView.swift */; };
		6661AFB0291A644E003F18B0 /* BookmarkTableView.swift in Sources */ = {isa = PBXBuildFile; fileRef = 6661AFAF291A644E003F18B0 /* BookmarkTableView.swift */; };
		6661AFB2291A6477003F18B0 /* NoticeTableViewCell.swift in Sources */ = {isa = PBXBuildFile; fileRef = 6661AFB1291A6477003F18B0 /* NoticeTableViewCell.swift */; };
		6661AFB4291A648A003F18B0 /* BookmarkTableViewCell.swift in Sources */ = {isa = PBXBuildFile; fileRef = 6661AFB3291A648A003F18B0 /* BookmarkTableViewCell.swift */; };
		6661AFB6291A64AF003F18B0 /* AlarmTableView.swift in Sources */ = {isa = PBXBuildFile; fileRef = 6661AFB5291A64AF003F18B0 /* AlarmTableView.swift */; };
		6661AFB8291A64BF003F18B0 /* AlarmTableViewCell.swift in Sources */ = {isa = PBXBuildFile; fileRef = 6661AFB7291A64BF003F18B0 /* AlarmTableViewCell.swift */; };
		6661AFBC291A6506003F18B0 /* ResultTableView.swift in Sources */ = {isa = PBXBuildFile; fileRef = 6661AFBB291A6506003F18B0 /* ResultTableView.swift */; };
		6661AFBE291A6515003F18B0 /* ResultTableViewCell.swift in Sources */ = {isa = PBXBuildFile; fileRef = 6661AFBD291A6515003F18B0 /* ResultTableViewCell.swift */; };
		6661AFC1291A6536003F18B0 /* BoardTableView.swift in Sources */ = {isa = PBXBuildFile; fileRef = 6661AFC0291A6536003F18B0 /* BoardTableView.swift */; };
		6661AFC3291A653C003F18B0 /* BoardTableViewCell.swift in Sources */ = {isa = PBXBuildFile; fileRef = 6661AFC2291A653C003F18B0 /* BoardTableViewCell.swift */; };
		66ABD626290369490050D048 /* GoogleService-Info.plist in Resources */ = {isa = PBXBuildFile; fileRef = 66ABD625290369490050D048 /* GoogleService-Info.plist */; };
		66ABD62A29036E3A0050D048 /* HomeTabBarController.swift in Sources */ = {isa = PBXBuildFile; fileRef = 66ABD62929036E3A0050D048 /* HomeTabBarController.swift */; };
		66ABD62C29038EB30050D048 /* SearchViewController.swift in Sources */ = {isa = PBXBuildFile; fileRef = 66ABD62B29038EB30050D048 /* SearchViewController.swift */; };
		66ABD62E29038EC10050D048 /* AlarmViewController.swift in Sources */ = {isa = PBXBuildFile; fileRef = 66ABD62D29038EC10050D048 /* AlarmViewController.swift */; };
		66ABD63029038EC70050D048 /* ProfileViewController.swift in Sources */ = {isa = PBXBuildFile; fileRef = 66ABD62F29038EC70050D048 /* ProfileViewController.swift */; };
		66ABD63629038F760050D048 /* HomeViewController.swift in Sources */ = {isa = PBXBuildFile; fileRef = 66ABD63529038F760050D048 /* HomeViewController.swift */; };
		66ABD639290394560050D048 /* BoardViewController.swift in Sources */ = {isa = PBXBuildFile; fileRef = 66ABD638290394560050D048 /* BoardViewController.swift */; };
		66ABD63C290394E60050D048 /* NicknameSetViewController.swift in Sources */ = {isa = PBXBuildFile; fileRef = 66ABD63B290394E60050D048 /* NicknameSetViewController.swift */; };
		66CD92DE2900FFB1001683F2 /* FirebaseAnalytics in Frameworks */ = {isa = PBXBuildFile; productRef = 66CD92DD2900FFB1001683F2 /* FirebaseAnalytics */; };
		66CD92E02900FFB1001683F2 /* FirebaseAuth in Frameworks */ = {isa = PBXBuildFile; productRef = 66CD92DF2900FFB1001683F2 /* FirebaseAuth */; };
		66CD92E22900FFB1001683F2 /* FirebaseDatabase in Frameworks */ = {isa = PBXBuildFile; productRef = 66CD92E12900FFB1001683F2 /* FirebaseDatabase */; };
		66CD92E42900FFB1001683F2 /* FirebaseFirestore in Frameworks */ = {isa = PBXBuildFile; productRef = 66CD92E32900FFB1001683F2 /* FirebaseFirestore */; };
		66CD92E62900FFB1001683F2 /* FirebaseMessaging in Frameworks */ = {isa = PBXBuildFile; productRef = 66CD92E52900FFB1001683F2 /* FirebaseMessaging */; };
		66CD92E82900FFB1001683F2 /* FirebaseStorage in Frameworks */ = {isa = PBXBuildFile; productRef = 66CD92E72900FFB1001683F2 /* FirebaseStorage */; };
		66FBD3C6290D5F55008615C5 /* NoticeDetailViewController.swift in Sources */ = {isa = PBXBuildFile; fileRef = 66FBD3C5290D5F55008615C5 /* NoticeDetailViewController.swift */; };
		66FBD3C8290D6906008615C5 /* SearchBar.swift in Sources */ = {isa = PBXBuildFile; fileRef = 66FBD3C7290D6906008615C5 /* SearchBar.swift */; };
		66FBD3CA290D7993008615C5 /* TiemrViewController.swift in Sources */ = {isa = PBXBuildFile; fileRef = 66FBD3C9290D7993008615C5 /* TiemrViewController.swift */; };
		66FBD3CC290D79A1008615C5 /* AddAlarmViewController.swift in Sources */ = {isa = PBXBuildFile; fileRef = 66FBD3CB290D79A1008615C5 /* AddAlarmViewController.swift */; };
		66FBD3CE290ED8B7008615C5 /* ResultViewController.swift in Sources */ = {isa = PBXBuildFile; fileRef = 66FBD3CD290ED8B7008615C5 /* ResultViewController.swift */; };
		66FBD3D0290ED9E1008615C5 /* DetailViewController.swift in Sources */ = {isa = PBXBuildFile; fileRef = 66FBD3CF290ED9E1008615C5 /* DetailViewController.swift */; };
		66FBD3D2290EDA1B008615C5 /* DirectionViewController.swift in Sources */ = {isa = PBXBuildFile; fileRef = 66FBD3D1290EDA1B008615C5 /* DirectionViewController.swift */; };
		66FBD3D4290EDDF6008615C5 /* PictureSearchViewController.swift in Sources */ = {isa = PBXBuildFile; fileRef = 66FBD3D3290EDDF6008615C5 /* PictureSearchViewController.swift */; };
		66FBD3D6290FEF9F008615C5 /* SearchViewModel.swift in Sources */ = {isa = PBXBuildFile; fileRef = 66FBD3D5290FEF9F008615C5 /* SearchViewModel.swift */; };
		66FBD3DA2910BA47008615C5 /* ServerInfo.swift in Sources */ = {isa = PBXBuildFile; fileRef = 66FBD3D92910BA47008615C5 /* ServerInfo.swift */; };
		66FBD3DC2911F463008615C5 /* AddNoticeViewController.swift in Sources */ = {isa = PBXBuildFile; fileRef = 66FBD3DB2911F463008615C5 /* AddNoticeViewController.swift */; };
		66FBD3DE291239C3008615C5 /* UserInfoOverview.swift in Sources */ = {isa = PBXBuildFile; fileRef = 66FBD3DD291239C3008615C5 /* UserInfoOverview.swift */; };
		FAF84EF6533F95FEE7D41139 /* Pods_Pill_Information_Application_mk2.framework in Frameworks */ = {isa = PBXBuildFile; fileRef = 68D438C26E4B56F26F14109D /* Pods_Pill_Information_Application_mk2.framework */; };
/* End PBXBuildFile section */

/* Begin PBXFileReference section */
		6657ACD229070C4B0004BD11 /* FindEmailViewController.swift */ = {isa = PBXFileReference; lastKnownFileType = sourcecode.swift; path = FindEmailViewController.swift; sourceTree = "<group>"; };
		6657ACD429070C540004BD11 /* FindPasswdViewController.swift */ = {isa = PBXFileReference; lastKnownFileType = sourcecode.swift; path = FindPasswdViewController.swift; sourceTree = "<group>"; };
		6657ACD6290767750004BD11 /* FindEmailResultViewController.swift */ = {isa = PBXFileReference; lastKnownFileType = sourcecode.swift; path = FindEmailResultViewController.swift; sourceTree = "<group>"; };
		6657ACD829077E0C0004BD11 /* ProfileUpdateViewController.swift */ = {isa = PBXFileReference; lastKnownFileType = sourcecode.swift; path = ProfileUpdateViewController.swift; sourceTree = "<group>"; };
		6657ACDA2907EC6D0004BD11 /* PasswdCheckViewController.swift */ = {isa = PBXFileReference; lastKnownFileType = sourcecode.swift; path = PasswdCheckViewController.swift; sourceTree = "<group>"; };
		665E927328F7BD130090B51F /* Pill_Information_Application_mk2.app */ = {isa = PBXFileReference; explicitFileType = wrapper.application; includeInIndex = 0; path = Pill_Information_Application_mk2.app; sourceTree = BUILT_PRODUCTS_DIR; };
		665E927628F7BD130090B51F /* AppDelegate.swift */ = {isa = PBXFileReference; lastKnownFileType = sourcecode.swift; path = AppDelegate.swift; sourceTree = "<group>"; };
		665E927828F7BD130090B51F /* SceneDelegate.swift */ = {isa = PBXFileReference; lastKnownFileType = sourcecode.swift; path = SceneDelegate.swift; sourceTree = "<group>"; };
		665E927F28F7BD140090B51F /* Assets.xcassets */ = {isa = PBXFileReference; lastKnownFileType = folder.assetcatalog; path = Assets.xcassets; sourceTree = "<group>"; };
		665E928228F7BD140090B51F /* Base */ = {isa = PBXFileReference; lastKnownFileType = file.storyboard; name = Base; path = Base.lproj/LaunchScreen.storyboard; sourceTree = "<group>"; };
		665E928428F7BD140090B51F /* Info.plist */ = {isa = PBXFileReference; lastKnownFileType = text.plist.xml; path = Info.plist; sourceTree = "<group>"; };
		665E928A28F7BD660090B51F /* MainViewController.swift */ = {isa = PBXFileReference; lastKnownFileType = sourcecode.swift; path = MainViewController.swift; sourceTree = "<group>"; };
		665E929128F7C3370090B51F /* LoginNavigationController.swift */ = {isa = PBXFileReference; lastKnownFileType = sourcecode.swift; path = LoginNavigationController.swift; sourceTree = "<group>"; };
		665E929328F83BF10090B51F /* UIButton+.swift */ = {isa = PBXFileReference; lastKnownFileType = sourcecode.swift; path = "UIButton+.swift"; sourceTree = "<group>"; };
		665E929528F882520090B51F /* EmailLoginViewController.swift */ = {isa = PBXFileReference; lastKnownFileType = sourcecode.swift; path = EmailLoginViewController.swift; sourceTree = "<group>"; };
		665E929A28F88D360090B51F /* EmailSignUpViewController.swift */ = {isa = PBXFileReference; lastKnownFileType = sourcecode.swift; path = EmailSignUpViewController.swift; sourceTree = "<group>"; };
		6661AF6629178E5B003F18B0 /* NoticeOverview.swift */ = {isa = PBXFileReference; lastKnownFileType = sourcecode.swift; path = NoticeOverview.swift; sourceTree = "<group>"; };
		6661AF6829188EE2003F18B0 /* NoticeTableViewCell.swift */ = {isa = PBXFileReference; lastKnownFileType = sourcecode.swift; path = NoticeTableViewCell.swift; sourceTree = "<group>"; };
		6661AFAB291A63D3003F18B0 /* NoticeTableView.swift */ = {isa = PBXFileReference; lastKnownFileType = sourcecode.swift; path = NoticeTableView.swift; sourceTree = "<group>"; };
		6661AFAF291A644E003F18B0 /* BookmarkTableView.swift */ = {isa = PBXFileReference; lastKnownFileType = sourcecode.swift; path = BookmarkTableView.swift; sourceTree = "<group>"; };
		6661AFB1291A6477003F18B0 /* NoticeTableViewCell.swift */ = {isa = PBXFileReference; lastKnownFileType = sourcecode.swift; path = NoticeTableViewCell.swift; sourceTree = "<group>"; };
		6661AFB3291A648A003F18B0 /* BookmarkTableViewCell.swift */ = {isa = PBXFileReference; lastKnownFileType = sourcecode.swift; path = BookmarkTableViewCell.swift; sourceTree = "<group>"; };
		6661AFB5291A64AF003F18B0 /* AlarmTableView.swift */ = {isa = PBXFileReference; lastKnownFileType = sourcecode.swift; path = AlarmTableView.swift; sourceTree = "<group>"; };
		6661AFB7291A64BF003F18B0 /* AlarmTableViewCell.swift */ = {isa = PBXFileReference; lastKnownFileType = sourcecode.swift; path = AlarmTableViewCell.swift; sourceTree = "<group>"; };
		6661AFBB291A6506003F18B0 /* ResultTableView.swift */ = {isa = PBXFileReference; lastKnownFileType = sourcecode.swift; path = ResultTableView.swift; sourceTree = "<group>"; };
		6661AFBD291A6515003F18B0 /* ResultTableViewCell.swift */ = {isa = PBXFileReference; lastKnownFileType = sourcecode.swift; path = ResultTableViewCell.swift; sourceTree = "<group>"; };
		6661AFC0291A6536003F18B0 /* BoardTableView.swift */ = {isa = PBXFileReference; lastKnownFileType = sourcecode.swift; path = BoardTableView.swift; sourceTree = "<group>"; };
		6661AFC2291A653C003F18B0 /* BoardTableViewCell.swift */ = {isa = PBXFileReference; lastKnownFileType = sourcecode.swift; path = BoardTableViewCell.swift; sourceTree = "<group>"; };
		66ABD625290369490050D048 /* GoogleService-Info.plist */ = {isa = PBXFileReference; fileEncoding = 4; lastKnownFileType = text.plist.xml; path = "GoogleService-Info.plist"; sourceTree = "<group>"; };
		66ABD62929036E3A0050D048 /* HomeTabBarController.swift */ = {isa = PBXFileReference; lastKnownFileType = sourcecode.swift; path = HomeTabBarController.swift; sourceTree = "<group>"; };
		66ABD62B29038EB30050D048 /* SearchViewController.swift */ = {isa = PBXFileReference; lastKnownFileType = sourcecode.swift; path = SearchViewController.swift; sourceTree = "<group>"; };
		66ABD62D29038EC10050D048 /* AlarmViewController.swift */ = {isa = PBXFileReference; lastKnownFileType = sourcecode.swift; path = AlarmViewController.swift; sourceTree = "<group>"; };
		66ABD62F29038EC70050D048 /* ProfileViewController.swift */ = {isa = PBXFileReference; lastKnownFileType = sourcecode.swift; path = ProfileViewController.swift; sourceTree = "<group>"; };
		66ABD63529038F760050D048 /* HomeViewController.swift */ = {isa = PBXFileReference; lastKnownFileType = sourcecode.swift; path = HomeViewController.swift; sourceTree = "<group>"; };
		66ABD638290394560050D048 /* BoardViewController.swift */ = {isa = PBXFileReference; lastKnownFileType = sourcecode.swift; path = BoardViewController.swift; sourceTree = "<group>"; };
		66ABD63B290394E60050D048 /* NicknameSetViewController.swift */ = {isa = PBXFileReference; lastKnownFileType = sourcecode.swift; path = NicknameSetViewController.swift; sourceTree = "<group>"; };
		66FBD3C5290D5F55008615C5 /* NoticeDetailViewController.swift */ = {isa = PBXFileReference; lastKnownFileType = sourcecode.swift; path = NoticeDetailViewController.swift; sourceTree = "<group>"; };
		66FBD3C7290D6906008615C5 /* SearchBar.swift */ = {isa = PBXFileReference; lastKnownFileType = sourcecode.swift; path = SearchBar.swift; sourceTree = "<group>"; };
		66FBD3C9290D7993008615C5 /* TiemrViewController.swift */ = {isa = PBXFileReference; lastKnownFileType = sourcecode.swift; path = TiemrViewController.swift; sourceTree = "<group>"; };
		66FBD3CB290D79A1008615C5 /* AddAlarmViewController.swift */ = {isa = PBXFileReference; lastKnownFileType = sourcecode.swift; path = AddAlarmViewController.swift; sourceTree = "<group>"; };
		66FBD3CD290ED8B7008615C5 /* ResultViewController.swift */ = {isa = PBXFileReference; lastKnownFileType = sourcecode.swift; path = ResultViewController.swift; sourceTree = "<group>"; };
		66FBD3CF290ED9E1008615C5 /* DetailViewController.swift */ = {isa = PBXFileReference; lastKnownFileType = sourcecode.swift; path = DetailViewController.swift; sourceTree = "<group>"; };
		66FBD3D1290EDA1B008615C5 /* DirectionViewController.swift */ = {isa = PBXFileReference; lastKnownFileType = sourcecode.swift; path = DirectionViewController.swift; sourceTree = "<group>"; };
		66FBD3D3290EDDF6008615C5 /* PictureSearchViewController.swift */ = {isa = PBXFileReference; lastKnownFileType = sourcecode.swift; path = PictureSearchViewController.swift; sourceTree = "<group>"; };
		66FBD3D5290FEF9F008615C5 /* SearchViewModel.swift */ = {isa = PBXFileReference; lastKnownFileType = sourcecode.swift; path = SearchViewModel.swift; sourceTree = "<group>"; };
		66FBD3D92910BA47008615C5 /* ServerInfo.swift */ = {isa = PBXFileReference; lastKnownFileType = sourcecode.swift; path = ServerInfo.swift; sourceTree = "<group>"; };
		66FBD3DB2911F463008615C5 /* AddNoticeViewController.swift */ = {isa = PBXFileReference; lastKnownFileType = sourcecode.swift; path = AddNoticeViewController.swift; sourceTree = "<group>"; };
		66FBD3DD291239C3008615C5 /* UserInfoOverview.swift */ = {isa = PBXFileReference; lastKnownFileType = sourcecode.swift; path = UserInfoOverview.swift; sourceTree = "<group>"; };
		68D438C26E4B56F26F14109D /* Pods_Pill_Information_Application_mk2.framework */ = {isa = PBXFileReference; explicitFileType = wrapper.framework; includeInIndex = 0; path = Pods_Pill_Information_Application_mk2.framework; sourceTree = BUILT_PRODUCTS_DIR; };
		6BBE0744EE99FB871F73F5EE /* Pods-Pill_Information_Application_mk2.release.xcconfig */ = {isa = PBXFileReference; includeInIndex = 1; lastKnownFileType = text.xcconfig; name = "Pods-Pill_Information_Application_mk2.release.xcconfig"; path = "Target Support Files/Pods-Pill_Information_Application_mk2/Pods-Pill_Information_Application_mk2.release.xcconfig"; sourceTree = "<group>"; };
		C102E32FDDB84E9730B48F85 /* Pods-Pill_Information_Application_mk2.debug.xcconfig */ = {isa = PBXFileReference; includeInIndex = 1; lastKnownFileType = text.xcconfig; name = "Pods-Pill_Information_Application_mk2.debug.xcconfig"; path = "Target Support Files/Pods-Pill_Information_Application_mk2/Pods-Pill_Information_Application_mk2.debug.xcconfig"; sourceTree = "<group>"; };
/* End PBXFileReference section */

/* Begin PBXFrameworksBuildPhase section */
		665E927028F7BD130090B51F /* Frameworks */ = {
			isa = PBXFrameworksBuildPhase;
			buildActionMask = 2147483647;
			files = (
				66CD92E22900FFB1001683F2 /* FirebaseDatabase in Frameworks */,
				FAF84EF6533F95FEE7D41139 /* Pods_Pill_Information_Application_mk2.framework in Frameworks */,
				66CD92E62900FFB1001683F2 /* FirebaseMessaging in Frameworks */,
				661DB27F28FFD4B300F79691 /* SnapKit in Frameworks */,
				66CD92DE2900FFB1001683F2 /* FirebaseAnalytics in Frameworks */,
				66CD92E82900FFB1001683F2 /* FirebaseStorage in Frameworks */,
				66CD92E02900FFB1001683F2 /* FirebaseAuth in Frameworks */,
				66CD92E42900FFB1001683F2 /* FirebaseFirestore in Frameworks */,
			);
			runOnlyForDeploymentPostprocessing = 0;
		};
/* End PBXFrameworksBuildPhase section */

/* Begin PBXGroup section */
		3F70268CFC1C4D3742921DEC /* Pods */ = {
			isa = PBXGroup;
			children = (
				C102E32FDDB84E9730B48F85 /* Pods-Pill_Information_Application_mk2.debug.xcconfig */,
				6BBE0744EE99FB871F73F5EE /* Pods-Pill_Information_Application_mk2.release.xcconfig */,
			);
			path = Pods;
			sourceTree = "<group>";
		};
		43FD435D8365C4F1AF90F821 /* Frameworks */ = {
			isa = PBXGroup;
			children = (
				68D438C26E4B56F26F14109D /* Pods_Pill_Information_Application_mk2.framework */,
			);
			name = Frameworks;
			sourceTree = "<group>";
		};
		665E926A28F7BD130090B51F = {
			isa = PBXGroup;
			children = (
				665E927528F7BD130090B51F /* Pill_Information_Application_mk2 */,
				665E927428F7BD130090B51F /* Products */,
				3F70268CFC1C4D3742921DEC /* Pods */,
				43FD435D8365C4F1AF90F821 /* Frameworks */,
			);
			sourceTree = "<group>";
		};
		665E927428F7BD130090B51F /* Products */ = {
			isa = PBXGroup;
			children = (
				665E927328F7BD130090B51F /* Pill_Information_Application_mk2.app */,
			);
			name = Products;
			sourceTree = "<group>";
		};
		665E927528F7BD130090B51F /* Pill_Information_Application_mk2 */ = {
			isa = PBXGroup;
			children = (
				665E927628F7BD130090B51F /* AppDelegate.swift */,
				665E927828F7BD130090B51F /* SceneDelegate.swift */,
				665E929728F88D140090B51F /* View */,
				665E929328F83BF10090B51F /* UIButton+.swift */,
				665E927F28F7BD140090B51F /* Assets.xcassets */,
				665E928128F7BD140090B51F /* LaunchScreen.storyboard */,
				665E928428F7BD140090B51F /* Info.plist */,
				66ABD625290369490050D048 /* GoogleService-Info.plist */,
				66FBD3D92910BA47008615C5 /* ServerInfo.swift */,
				66FBD3DD291239C3008615C5 /* UserInfoOverview.swift */,
				6661AF6629178E5B003F18B0 /* NoticeOverview.swift */,
			);
			path = Pill_Information_Application_mk2;
			sourceTree = "<group>";
		};
		665E929728F88D140090B51F /* View */ = {
			isa = PBXGroup;
			children = (
				66ABD63429038EEC0050D048 /* Home */,
				665E929828F88D1E0090B51F /* Login */,
				6661AF6829188EE2003F18B0 /* NoticeTableViewCell.swift */,
			);
			path = View;
			sourceTree = "<group>";
		};
		665E929828F88D1E0090B51F /* Login */ = {
			isa = PBXGroup;
			children = (
				665E928A28F7BD660090B51F /* MainViewController.swift */,
				665E929128F7C3370090B51F /* LoginNavigationController.swift */,
				66ABD63B290394E60050D048 /* NicknameSetViewController.swift */,
				665E929928F88D270090B51F /* EmailLogin */,
			);
			path = Login;
			sourceTree = "<group>";
		};
		665E929928F88D270090B51F /* EmailLogin */ = {
			isa = PBXGroup;
			children = (
				665E929528F882520090B51F /* EmailLoginViewController.swift */,
				665E929A28F88D360090B51F /* EmailSignUpViewController.swift */,
				6657ACD229070C4B0004BD11 /* FindEmailViewController.swift */,
				6657ACD429070C540004BD11 /* FindPasswdViewController.swift */,
				6657ACD6290767750004BD11 /* FindEmailResultViewController.swift */,
			);
			path = EmailLogin;
			sourceTree = "<group>";
		};
		6661AFAD291A63FB003F18B0 /* Entity */ = {
			isa = PBXGroup;
			children = (
				6661AFAB291A63D3003F18B0 /* NoticeTableView.swift */,
				6661AFB1291A6477003F18B0 /* NoticeTableViewCell.swift */,
			);
			path = Entity;
			sourceTree = "<group>";
		};
		6661AFAE291A6438003F18B0 /* Entity */ = {
			isa = PBXGroup;
			children = (
				6661AFAF291A644E003F18B0 /* BookmarkTableView.swift */,
				6661AFB3291A648A003F18B0 /* BookmarkTableViewCell.swift */,
			);
			path = Entity;
			sourceTree = "<group>";
		};
		6661AFB9291A64CB003F18B0 /* Entity */ = {
			isa = PBXGroup;
			children = (
				6661AFB5291A64AF003F18B0 /* AlarmTableView.swift */,
				6661AFB7291A64BF003F18B0 /* AlarmTableViewCell.swift */,
			);
			path = Entity;
			sourceTree = "<group>";
		};
		6661AFBA291A64EE003F18B0 /* ResultView */ = {
			isa = PBXGroup;
			children = (
				66FBD3CD290ED8B7008615C5 /* ResultViewController.swift */,
				66FBD3CF290ED9E1008615C5 /* DetailViewController.swift */,
				66FBD3D1290EDA1B008615C5 /* DirectionViewController.swift */,
				6661AFBF291A6520003F18B0 /* Entity */,
			);
			path = ResultView;
			sourceTree = "<group>";
		};
		6661AFBF291A6520003F18B0 /* Entity */ = {
			isa = PBXGroup;
			children = (
				6661AFBB291A6506003F18B0 /* ResultTableView.swift */,
				6661AFBD291A6515003F18B0 /* ResultTableViewCell.swift */,
			);
			path = Entity;
			sourceTree = "<group>";
		};
		6661AFC4291A653E003F18B0 /* Entity */ = {
			isa = PBXGroup;
			children = (
				6661AFC0291A6536003F18B0 /* BoardTableView.swift */,
				6661AFC2291A653C003F18B0 /* BoardTableViewCell.swift */,
			);
			path = Entity;
			sourceTree = "<group>";
		};
		66ABD63129038ECD0050D048 /* Search */ = {
			isa = PBXGroup;
			children = (
				66ABD62B29038EB30050D048 /* SearchViewController.swift */,
				66FBD3D3290EDDF6008615C5 /* PictureSearchViewController.swift */,
				66FBD3D8290FEFA9008615C5 /* SearchBar */,
				6661AFBA291A64EE003F18B0 /* ResultView */,
			);
			path = Search;
			sourceTree = "<group>";
		};
		66ABD63229038ED70050D048 /* Alarm */ = {
			isa = PBXGroup;
			children = (
				66ABD62D29038EC10050D048 /* AlarmViewController.swift */,
				66FBD3C9290D7993008615C5 /* TiemrViewController.swift */,
				66FBD3CB290D79A1008615C5 /* AddAlarmViewController.swift */,
				6661AFB9291A64CB003F18B0 /* Entity */,
			);
			path = Alarm;
			sourceTree = "<group>";
		};
		66ABD63329038EE00050D048 /* Profile */ = {
			isa = PBXGroup;
			children = (
				66ABD62F29038EC70050D048 /* ProfileViewController.swift */,
				6657ACD829077E0C0004BD11 /* ProfileUpdateViewController.swift */,
				6657ACDA2907EC6D0004BD11 /* PasswdCheckViewController.swift */,
				6661AFAE291A6438003F18B0 /* Entity */,
			);
			path = Profile;
			sourceTree = "<group>";
		};
		66ABD63429038EEC0050D048 /* Home */ = {
			isa = PBXGroup;
			children = (
				66ABD62929036E3A0050D048 /* HomeTabBarController.swift */,
				66ABD63A2903945B0050D048 /* Board */,
				66ABD63129038ECD0050D048 /* Search */,
				66ABD63729038F7A0050D048 /* Home */,
				66ABD63229038ED70050D048 /* Alarm */,
				66ABD63329038EE00050D048 /* Profile */,
			);
			path = Home;
			sourceTree = "<group>";
		};
		66ABD63729038F7A0050D048 /* Home */ = {
			isa = PBXGroup;
			children = (
				66ABD63529038F760050D048 /* HomeViewController.swift */,
				66FBD3C5290D5F55008615C5 /* NoticeDetailViewController.swift */,
				66FBD3DB2911F463008615C5 /* AddNoticeViewController.swift */,
				6661AFAD291A63FB003F18B0 /* Entity */,
			);
			path = Home;
			sourceTree = "<group>";
		};
		66ABD63A2903945B0050D048 /* Board */ = {
			isa = PBXGroup;
			children = (
				66ABD638290394560050D048 /* BoardViewController.swift */,
				6661AFC4291A653E003F18B0 /* Entity */,
			);
			path = Board;
			sourceTree = "<group>";
		};
		66FBD3D8290FEFA9008615C5 /* SearchBar */ = {
			isa = PBXGroup;
			children = (
				66FBD3C7290D6906008615C5 /* SearchBar.swift */,
				66FBD3D5290FEF9F008615C5 /* SearchViewModel.swift */,
			);
			path = SearchBar;
			sourceTree = "<group>";
		};
/* End PBXGroup section */

/* Begin PBXNativeTarget section */
		665E927228F7BD130090B51F /* Pill_Information_Application_mk2 */ = {
			isa = PBXNativeTarget;
			buildConfigurationList = 665E928728F7BD140090B51F /* Build configuration list for PBXNativeTarget "Pill_Information_Application_mk2" */;
			buildPhases = (
				A587BB7B50F33165C8D1E29E /* [CP] Check Pods Manifest.lock */,
				665E926F28F7BD130090B51F /* Sources */,
				665E927028F7BD130090B51F /* Frameworks */,
				665E927128F7BD130090B51F /* Resources */,
				3F5CBC7E8E0EA6FE06C46796 /* [CP] Embed Pods Frameworks */,
			);
			buildRules = (
			);
			dependencies = (
			);
			name = Pill_Information_Application_mk2;
			packageProductDependencies = (
				661DB27E28FFD4B300F79691 /* SnapKit */,
				66CD92DD2900FFB1001683F2 /* FirebaseAnalytics */,
				66CD92DF2900FFB1001683F2 /* FirebaseAuth */,
				66CD92E12900FFB1001683F2 /* FirebaseDatabase */,
				66CD92E32900FFB1001683F2 /* FirebaseFirestore */,
				66CD92E52900FFB1001683F2 /* FirebaseMessaging */,
				66CD92E72900FFB1001683F2 /* FirebaseStorage */,
			);
			productName = Pill_Information_Application_mk2;
			productReference = 665E927328F7BD130090B51F /* Pill_Information_Application_mk2.app */;
			productType = "com.apple.product-type.application";
		};
/* End PBXNativeTarget section */

/* Begin PBXProject section */
		665E926B28F7BD130090B51F /* Project object */ = {
			isa = PBXProject;
			attributes = {
				BuildIndependentTargetsInParallel = 1;
				LastSwiftUpdateCheck = 1400;
				LastUpgradeCheck = 1400;
				TargetAttributes = {
					665E927228F7BD130090B51F = {
						CreatedOnToolsVersion = 14.0.1;
					};
				};
			};
			buildConfigurationList = 665E926E28F7BD130090B51F /* Build configuration list for PBXProject "Pill_Information_Application_mk2" */;
			compatibilityVersion = "Xcode 14.0";
			developmentRegion = en;
			hasScannedForEncodings = 0;
			knownRegions = (
				en,
				Base,
			);
			mainGroup = 665E926A28F7BD130090B51F;
			packageReferences = (
				661DB27D28FFD4B300F79691 /* XCRemoteSwiftPackageReference "SnapKit" */,
				66CD92DC2900FFB1001683F2 /* XCRemoteSwiftPackageReference "firebase-ios-sdk" */,
			);
			productRefGroup = 665E927428F7BD130090B51F /* Products */;
			projectDirPath = "";
			projectRoot = "";
			targets = (
				665E927228F7BD130090B51F /* Pill_Information_Application_mk2 */,
			);
		};
/* End PBXProject section */

/* Begin PBXResourcesBuildPhase section */
		665E927128F7BD130090B51F /* Resources */ = {
			isa = PBXResourcesBuildPhase;
			buildActionMask = 2147483647;
			files = (
				665E928328F7BD140090B51F /* LaunchScreen.storyboard in Resources */,
				665E928028F7BD140090B51F /* Assets.xcassets in Resources */,
				66ABD626290369490050D048 /* GoogleService-Info.plist in Resources */,
			);
			runOnlyForDeploymentPostprocessing = 0;
		};
/* End PBXResourcesBuildPhase section */

/* Begin PBXShellScriptBuildPhase section */
		3F5CBC7E8E0EA6FE06C46796 /* [CP] Embed Pods Frameworks */ = {
			isa = PBXShellScriptBuildPhase;
			buildActionMask = 2147483647;
			files = (
			);
			inputFileListPaths = (
				"${PODS_ROOT}/Target Support Files/Pods-Pill_Information_Application_mk2/Pods-Pill_Information_Application_mk2-frameworks-${CONFIGURATION}-input-files.xcfilelist",
			);
			name = "[CP] Embed Pods Frameworks";
			outputFileListPaths = (
				"${PODS_ROOT}/Target Support Files/Pods-Pill_Information_Application_mk2/Pods-Pill_Information_Application_mk2-frameworks-${CONFIGURATION}-output-files.xcfilelist",
			);
			runOnlyForDeploymentPostprocessing = 0;
			shellPath = /bin/sh;
			shellScript = "\"${PODS_ROOT}/Target Support Files/Pods-Pill_Information_Application_mk2/Pods-Pill_Information_Application_mk2-frameworks.sh\"\n";
			showEnvVarsInLog = 0;
		};
		A587BB7B50F33165C8D1E29E /* [CP] Check Pods Manifest.lock */ = {
			isa = PBXShellScriptBuildPhase;
			buildActionMask = 2147483647;
			files = (
			);
			inputFileListPaths = (
			);
			inputPaths = (
				"${PODS_PODFILE_DIR_PATH}/Podfile.lock",
				"${PODS_ROOT}/Manifest.lock",
			);
			name = "[CP] Check Pods Manifest.lock";
			outputFileListPaths = (
			);
			outputPaths = (
				"$(DERIVED_FILE_DIR)/Pods-Pill_Information_Application_mk2-checkManifestLockResult.txt",
			);
			runOnlyForDeploymentPostprocessing = 0;
			shellPath = /bin/sh;
			shellScript = "diff \"${PODS_PODFILE_DIR_PATH}/Podfile.lock\" \"${PODS_ROOT}/Manifest.lock\" > /dev/null\nif [ $? != 0 ] ; then\n    # print error to STDERR\n    echo \"error: The sandbox is not in sync with the Podfile.lock. Run 'pod install' or update your CocoaPods installation.\" >&2\n    exit 1\nfi\n# This output is used by Xcode 'outputs' to avoid re-running this script phase.\necho \"SUCCESS\" > \"${SCRIPT_OUTPUT_FILE_0}\"\n";
			showEnvVarsInLog = 0;
		};
/* End PBXShellScriptBuildPhase section */

/* Begin PBXSourcesBuildPhase section */
		665E926F28F7BD130090B51F /* Sources */ = {
			isa = PBXSourcesBuildPhase;
			buildActionMask = 2147483647;
			files = (
				6661AFB4291A648A003F18B0 /* BookmarkTableViewCell.swift in Sources */,
				665E929428F83BF10090B51F /* UIButton+.swift in Sources */,
				6657ACD329070C4B0004BD11 /* FindEmailViewController.swift in Sources */,
				6661AFB6291A64AF003F18B0 /* AlarmTableView.swift in Sources */,
				66FBD3DC2911F463008615C5 /* AddNoticeViewController.swift in Sources */,
				66FBD3D2290EDA1B008615C5 /* DirectionViewController.swift in Sources */,
				66FBD3D0290ED9E1008615C5 /* DetailViewController.swift in Sources */,
				665E928B28F7BD660090B51F /* MainViewController.swift in Sources */,
				66FBD3CE290ED8B7008615C5 /* ResultViewController.swift in Sources */,
				6657ACD529070C540004BD11 /* FindPasswdViewController.swift in Sources */,
				6661AF6729178E5B003F18B0 /* NoticeOverview.swift in Sources */,
				6661AFB8291A64BF003F18B0 /* AlarmTableViewCell.swift in Sources */,
				6657ACD7290767750004BD11 /* FindEmailResultViewController.swift in Sources */,
				66ABD639290394560050D048 /* BoardViewController.swift in Sources */,
				6661AFBE291A6515003F18B0 /* ResultTableViewCell.swift in Sources */,
				66ABD63029038EC70050D048 /* ProfileViewController.swift in Sources */,
				66ABD63C290394E60050D048 /* NicknameSetViewController.swift in Sources */,
				66FBD3DA2910BA47008615C5 /* ServerInfo.swift in Sources */,
				6661AFC1291A6536003F18B0 /* BoardTableView.swift in Sources */,
				66FBD3CA290D7993008615C5 /* TiemrViewController.swift in Sources */,
				6661AFAC291A63D3003F18B0 /* NoticeTableView.swift in Sources */,
				66ABD63629038F760050D048 /* HomeViewController.swift in Sources */,
				6657ACD929077E0C0004BD11 /* ProfileUpdateViewController.swift in Sources */,
				66FBD3CC290D79A1008615C5 /* AddAlarmViewController.swift in Sources */,
				665E927728F7BD130090B51F /* AppDelegate.swift in Sources */,
				665E929628F882520090B51F /* EmailLoginViewController.swift in Sources */,
				665E927928F7BD130090B51F /* SceneDelegate.swift in Sources */,
				66FBD3D4290EDDF6008615C5 /* PictureSearchViewController.swift in Sources */,
				6661AFBC291A6506003F18B0 /* ResultTableView.swift in Sources */,
				6661AFB0291A644E003F18B0 /* BookmarkTableView.swift in Sources */,
				66ABD62A29036E3A0050D048 /* HomeTabBarController.swift in Sources */,
				66FBD3C8290D6906008615C5 /* SearchBar.swift in Sources */,
				66ABD62E29038EC10050D048 /* AlarmViewController.swift in Sources */,
				66FBD3D6290FEF9F008615C5 /* SearchViewModel.swift in Sources */,
				6661AF6929188EE2003F18B0 /* NoticeTableViewCell.swift in Sources */,
				6661AFB2291A6477003F18B0 /* NoticeTableViewCell.swift in Sources */,
				6661AFC3291A653C003F18B0 /* BoardTableViewCell.swift in Sources */,
				66FBD3DE291239C3008615C5 /* UserInfoOverview.swift in Sources */,
				6657ACDB2907EC6D0004BD11 /* PasswdCheckViewController.swift in Sources */,
				66ABD62C29038EB30050D048 /* SearchViewController.swift in Sources */,
				66FBD3C6290D5F55008615C5 /* NoticeDetailViewController.swift in Sources */,
				665E929228F7C3370090B51F /* LoginNavigationController.swift in Sources */,
				665E929B28F88D360090B51F /* EmailSignUpViewController.swift in Sources */,
			);
			runOnlyForDeploymentPostprocessing = 0;
		};
/* End PBXSourcesBuildPhase section */

/* Begin PBXVariantGroup section */
		665E928128F7BD140090B51F /* LaunchScreen.storyboard */ = {
			isa = PBXVariantGroup;
			children = (
				665E928228F7BD140090B51F /* Base */,
			);
			name = LaunchScreen.storyboard;
			sourceTree = "<group>";
		};
/* End PBXVariantGroup section */

/* Begin XCBuildConfiguration section */
		665E928528F7BD140090B51F /* Debug */ = {
			isa = XCBuildConfiguration;
			buildSettings = {
				ALWAYS_SEARCH_USER_PATHS = NO;
				CLANG_ANALYZER_NONNULL = YES;
				CLANG_ANALYZER_NUMBER_OBJECT_CONVERSION = YES_AGGRESSIVE;
				CLANG_CXX_LANGUAGE_STANDARD = "gnu++20";
				CLANG_ENABLE_MODULES = YES;
				CLANG_ENABLE_OBJC_ARC = YES;
				CLANG_ENABLE_OBJC_WEAK = YES;
				CLANG_WARN_BLOCK_CAPTURE_AUTORELEASING = YES;
				CLANG_WARN_BOOL_CONVERSION = YES;
				CLANG_WARN_COMMA = YES;
				CLANG_WARN_CONSTANT_CONVERSION = YES;
				CLANG_WARN_DEPRECATED_OBJC_IMPLEMENTATIONS = YES;
				CLANG_WARN_DIRECT_OBJC_ISA_USAGE = YES_ERROR;
				CLANG_WARN_DOCUMENTATION_COMMENTS = YES;
				CLANG_WARN_EMPTY_BODY = YES;
				CLANG_WARN_ENUM_CONVERSION = YES;
				CLANG_WARN_INFINITE_RECURSION = YES;
				CLANG_WARN_INT_CONVERSION = YES;
				CLANG_WARN_NON_LITERAL_NULL_CONVERSION = YES;
				CLANG_WARN_OBJC_IMPLICIT_RETAIN_SELF = YES;
				CLANG_WARN_OBJC_LITERAL_CONVERSION = YES;
				CLANG_WARN_OBJC_ROOT_CLASS = YES_ERROR;
				CLANG_WARN_QUOTED_INCLUDE_IN_FRAMEWORK_HEADER = YES;
				CLANG_WARN_RANGE_LOOP_ANALYSIS = YES;
				CLANG_WARN_STRICT_PROTOTYPES = YES;
				CLANG_WARN_SUSPICIOUS_MOVE = YES;
				CLANG_WARN_UNGUARDED_AVAILABILITY = YES_AGGRESSIVE;
				CLANG_WARN_UNREACHABLE_CODE = YES;
				CLANG_WARN__DUPLICATE_METHOD_MATCH = YES;
				COPY_PHASE_STRIP = NO;
				DEBUG_INFORMATION_FORMAT = dwarf;
				ENABLE_STRICT_OBJC_MSGSEND = YES;
				ENABLE_TESTABILITY = YES;
				GCC_C_LANGUAGE_STANDARD = gnu11;
				GCC_DYNAMIC_NO_PIC = NO;
				GCC_NO_COMMON_BLOCKS = YES;
				GCC_OPTIMIZATION_LEVEL = 0;
				GCC_PREPROCESSOR_DEFINITIONS = (
					"DEBUG=1",
					"$(inherited)",
				);
				GCC_WARN_64_TO_32_BIT_CONVERSION = YES;
				GCC_WARN_ABOUT_RETURN_TYPE = YES_ERROR;
				GCC_WARN_UNDECLARED_SELECTOR = YES;
				GCC_WARN_UNINITIALIZED_AUTOS = YES_AGGRESSIVE;
				GCC_WARN_UNUSED_FUNCTION = YES;
				GCC_WARN_UNUSED_VARIABLE = YES;
				IPHONEOS_DEPLOYMENT_TARGET = 16.0;
				MTL_ENABLE_DEBUG_INFO = INCLUDE_SOURCE;
				MTL_FAST_MATH = YES;
				ONLY_ACTIVE_ARCH = YES;
				SDKROOT = iphoneos;
				SWIFT_ACTIVE_COMPILATION_CONDITIONS = DEBUG;
				SWIFT_OPTIMIZATION_LEVEL = "-Onone";
			};
			name = Debug;
		};
		665E928628F7BD140090B51F /* Release */ = {
			isa = XCBuildConfiguration;
			buildSettings = {
				ALWAYS_SEARCH_USER_PATHS = NO;
				CLANG_ANALYZER_NONNULL = YES;
				CLANG_ANALYZER_NUMBER_OBJECT_CONVERSION = YES_AGGRESSIVE;
				CLANG_CXX_LANGUAGE_STANDARD = "gnu++20";
				CLANG_ENABLE_MODULES = YES;
				CLANG_ENABLE_OBJC_ARC = YES;
				CLANG_ENABLE_OBJC_WEAK = YES;
				CLANG_WARN_BLOCK_CAPTURE_AUTORELEASING = YES;
				CLANG_WARN_BOOL_CONVERSION = YES;
				CLANG_WARN_COMMA = YES;
				CLANG_WARN_CONSTANT_CONVERSION = YES;
				CLANG_WARN_DEPRECATED_OBJC_IMPLEMENTATIONS = YES;
				CLANG_WARN_DIRECT_OBJC_ISA_USAGE = YES_ERROR;
				CLANG_WARN_DOCUMENTATION_COMMENTS = YES;
				CLANG_WARN_EMPTY_BODY = YES;
				CLANG_WARN_ENUM_CONVERSION = YES;
				CLANG_WARN_INFINITE_RECURSION = YES;
				CLANG_WARN_INT_CONVERSION = YES;
				CLANG_WARN_NON_LITERAL_NULL_CONVERSION = YES;
				CLANG_WARN_OBJC_IMPLICIT_RETAIN_SELF = YES;
				CLANG_WARN_OBJC_LITERAL_CONVERSION = YES;
				CLANG_WARN_OBJC_ROOT_CLASS = YES_ERROR;
				CLANG_WARN_QUOTED_INCLUDE_IN_FRAMEWORK_HEADER = YES;
				CLANG_WARN_RANGE_LOOP_ANALYSIS = YES;
				CLANG_WARN_STRICT_PROTOTYPES = YES;
				CLANG_WARN_SUSPICIOUS_MOVE = YES;
				CLANG_WARN_UNGUARDED_AVAILABILITY = YES_AGGRESSIVE;
				CLANG_WARN_UNREACHABLE_CODE = YES;
				CLANG_WARN__DUPLICATE_METHOD_MATCH = YES;
				COPY_PHASE_STRIP = NO;
				DEBUG_INFORMATION_FORMAT = "dwarf-with-dsym";
				ENABLE_NS_ASSERTIONS = NO;
				ENABLE_STRICT_OBJC_MSGSEND = YES;
				GCC_C_LANGUAGE_STANDARD = gnu11;
				GCC_NO_COMMON_BLOCKS = YES;
				GCC_WARN_64_TO_32_BIT_CONVERSION = YES;
				GCC_WARN_ABOUT_RETURN_TYPE = YES_ERROR;
				GCC_WARN_UNDECLARED_SELECTOR = YES;
				GCC_WARN_UNINITIALIZED_AUTOS = YES_AGGRESSIVE;
				GCC_WARN_UNUSED_FUNCTION = YES;
				GCC_WARN_UNUSED_VARIABLE = YES;
				IPHONEOS_DEPLOYMENT_TARGET = 16.0;
				MTL_ENABLE_DEBUG_INFO = NO;
				MTL_FAST_MATH = YES;
				SDKROOT = iphoneos;
				SWIFT_COMPILATION_MODE = wholemodule;
				SWIFT_OPTIMIZATION_LEVEL = "-O";
				VALIDATE_PRODUCT = YES;
			};
			name = Release;
		};
		665E928828F7BD140090B51F /* Debug */ = {
			isa = XCBuildConfiguration;
			baseConfigurationReference = C102E32FDDB84E9730B48F85 /* Pods-Pill_Information_Application_mk2.debug.xcconfig */;
			buildSettings = {
				ASSETCATALOG_COMPILER_APPICON_NAME = AppIcon;
				ASSETCATALOG_COMPILER_GLOBAL_ACCENT_COLOR_NAME = AccentColor;
				CODE_SIGN_STYLE = Automatic;
				CURRENT_PROJECT_VERSION = 1;
				DEVELOPMENT_TEAM = VW2UR5Y845;
				GENERATE_INFOPLIST_FILE = YES;
				INFOPLIST_FILE = Pill_Information_Application_mk2/Info.plist;
				INFOPLIST_KEY_UIApplicationSupportsIndirectInputEvents = YES;
				INFOPLIST_KEY_UILaunchStoryboardName = LaunchScreen;
				INFOPLIST_KEY_UISupportedInterfaceOrientations_iPad = "UIInterfaceOrientationPortrait UIInterfaceOrientationPortraitUpsideDown UIInterfaceOrientationLandscapeLeft UIInterfaceOrientationLandscapeRight";
				INFOPLIST_KEY_UISupportedInterfaceOrientations_iPhone = "UIInterfaceOrientationPortrait UIInterfaceOrientationLandscapeLeft UIInterfaceOrientationLandscapeRight";
				IPHONEOS_DEPLOYMENT_TARGET = 16.0;
				LD_RUNPATH_SEARCH_PATHS = (
					"$(inherited)",
					"@executable_path/Frameworks",
				);
				MARKETING_VERSION = 1.0;
				PRODUCT_BUNDLE_IDENTIFIER = "com.junhyeok.Pill-Information-Application-mk2";
				PRODUCT_NAME = "$(TARGET_NAME)";
				SWIFT_EMIT_LOC_STRINGS = YES;
				SWIFT_VERSION = 5.0;
				TARGETED_DEVICE_FAMILY = "1,2";
			};
			name = Debug;
		};
		665E928928F7BD140090B51F /* Release */ = {
			isa = XCBuildConfiguration;
			baseConfigurationReference = 6BBE0744EE99FB871F73F5EE /* Pods-Pill_Information_Application_mk2.release.xcconfig */;
			buildSettings = {
				ASSETCATALOG_COMPILER_APPICON_NAME = AppIcon;
				ASSETCATALOG_COMPILER_GLOBAL_ACCENT_COLOR_NAME = AccentColor;
				CODE_SIGN_STYLE = Automatic;
				CURRENT_PROJECT_VERSION = 1;
				DEVELOPMENT_TEAM = VW2UR5Y845;
				GENERATE_INFOPLIST_FILE = YES;
				INFOPLIST_FILE = Pill_Information_Application_mk2/Info.plist;
				INFOPLIST_KEY_UIApplicationSupportsIndirectInputEvents = YES;
				INFOPLIST_KEY_UILaunchStoryboardName = LaunchScreen;
				INFOPLIST_KEY_UISupportedInterfaceOrientations_iPad = "UIInterfaceOrientationPortrait UIInterfaceOrientationPortraitUpsideDown UIInterfaceOrientationLandscapeLeft UIInterfaceOrientationLandscapeRight";
				INFOPLIST_KEY_UISupportedInterfaceOrientations_iPhone = "UIInterfaceOrientationPortrait UIInterfaceOrientationLandscapeLeft UIInterfaceOrientationLandscapeRight";
				IPHONEOS_DEPLOYMENT_TARGET = 16.0;
				LD_RUNPATH_SEARCH_PATHS = (
					"$(inherited)",
					"@executable_path/Frameworks",
				);
				MARKETING_VERSION = 1.0;
				PRODUCT_BUNDLE_IDENTIFIER = "com.junhyeok.Pill-Information-Application-mk2";
				PRODUCT_NAME = "$(TARGET_NAME)";
				SWIFT_EMIT_LOC_STRINGS = YES;
				SWIFT_VERSION = 5.0;
				TARGETED_DEVICE_FAMILY = "1,2";
			};
			name = Release;
		};
/* End XCBuildConfiguration section */

/* Begin XCConfigurationList section */
		665E926E28F7BD130090B51F /* Build configuration list for PBXProject "Pill_Information_Application_mk2" */ = {
			isa = XCConfigurationList;
			buildConfigurations = (
				665E928528F7BD140090B51F /* Debug */,
				665E928628F7BD140090B51F /* Release */,
			);
			defaultConfigurationIsVisible = 0;
			defaultConfigurationName = Release;
		};
		665E928728F7BD140090B51F /* Build configuration list for PBXNativeTarget "Pill_Information_Application_mk2" */ = {
			isa = XCConfigurationList;
			buildConfigurations = (
				665E928828F7BD140090B51F /* Debug */,
				665E928928F7BD140090B51F /* Release */,
			);
			defaultConfigurationIsVisible = 0;
			defaultConfigurationName = Release;
		};
/* End XCConfigurationList section */

/* Begin XCRemoteSwiftPackageReference section */
		661DB27D28FFD4B300F79691 /* XCRemoteSwiftPackageReference "SnapKit" */ = {
			isa = XCRemoteSwiftPackageReference;
			repositoryURL = "https://github.com/SnapKit/SnapKit.git";
			requirement = {
				kind = upToNextMinorVersion;
				minimumVersion = 5.6.0;
			};
		};
		66CD92DC2900FFB1001683F2 /* XCRemoteSwiftPackageReference "firebase-ios-sdk" */ = {
			isa = XCRemoteSwiftPackageReference;
			repositoryURL = "https://github.com/firebase/firebase-ios-sdk";
			requirement = {
				kind = upToNextMinorVersion;
				minimumVersion = 9.6.0;
			};
		};
/* End XCRemoteSwiftPackageReference section */

/* Begin XCSwiftPackageProductDependency section */
		661DB27E28FFD4B300F79691 /* SnapKit */ = {
			isa = XCSwiftPackageProductDependency;
			package = 661DB27D28FFD4B300F79691 /* XCRemoteSwiftPackageReference "SnapKit" */;
			productName = SnapKit;
		};
		66CD92DD2900FFB1001683F2 /* FirebaseAnalytics */ = {
			isa = XCSwiftPackageProductDependency;
			package = 66CD92DC2900FFB1001683F2 /* XCRemoteSwiftPackageReference "firebase-ios-sdk" */;
			productName = FirebaseAnalytics;
		};
		66CD92DF2900FFB1001683F2 /* FirebaseAuth */ = {
			isa = XCSwiftPackageProductDependency;
			package = 66CD92DC2900FFB1001683F2 /* XCRemoteSwiftPackageReference "firebase-ios-sdk" */;
			productName = FirebaseAuth;
		};
		66CD92E12900FFB1001683F2 /* FirebaseDatabase */ = {
			isa = XCSwiftPackageProductDependency;
			package = 66CD92DC2900FFB1001683F2 /* XCRemoteSwiftPackageReference "firebase-ios-sdk" */;
			productName = FirebaseDatabase;
		};
		66CD92E32900FFB1001683F2 /* FirebaseFirestore */ = {
			isa = XCSwiftPackageProductDependency;
			package = 66CD92DC2900FFB1001683F2 /* XCRemoteSwiftPackageReference "firebase-ios-sdk" */;
			productName = FirebaseFirestore;
		};
		66CD92E52900FFB1001683F2 /* FirebaseMessaging */ = {
			isa = XCSwiftPackageProductDependency;
			package = 66CD92DC2900FFB1001683F2 /* XCRemoteSwiftPackageReference "firebase-ios-sdk" */;
			productName = FirebaseMessaging;
		};
		66CD92E72900FFB1001683F2 /* FirebaseStorage */ = {
			isa = XCSwiftPackageProductDependency;
			package = 66CD92DC2900FFB1001683F2 /* XCRemoteSwiftPackageReference "firebase-ios-sdk" */;
			productName = FirebaseStorage;
		};
/* End XCSwiftPackageProductDependency section */
	};
	rootObject = 665E926B28F7BD130090B51F /* Project object */;
}
