// !$*UTF8*$!
{
	archiveVersion = 1;
	classes = {
	};
	objectVersion = 56;
	objects = {

/* Begin PBXBuildFile section */
		661DB27F28FFD4B300F79691 /* SnapKit in Frameworks */ = {isa = PBXBuildFile; productRef = 661DB27E28FFD4B300F79691 /* SnapKit */; };
		6657ACD329070C4B0004BD11 /* FindEmailViewController.swift in Sources */ = {isa = PBXBuildFile; fileRef = 6657ACD229070C4B0004BD11 /* FindEmailViewController.swift */; };
		6657ACD529070C540004BD11 /* FindPasswdViewController.swift in Sources */ = {isa = PBXBuildFile; fileRef = 6657ACD429070C540004BD11 /* FindPasswdViewController.swift */; };
		6657ACD7290767750004BD11 /* FindEmailResultViewController.swift in Sources */ = {isa = PBXBuildFile; fileRef = 6657ACD6290767750004BD11 /* FindEmailResultViewController.swift */; };
		6657ACD929077E0C0004BD11 /* ProfileUpdateViewController.swift in Sources */ = {isa = PBXBuildFile; fileRef = 6657ACD829077E0C0004BD11 /* ProfileUpdateViewController.swift */; };
		6657ACDB2907EC6D0004BD11 /* PasswdCheckViewController.swift in Sources */ = {isa = PBXBuildFile; fileRef = 6657ACDA2907EC6D0004BD11 /* PasswdCheckViewController.swift */; };
		665E927728F7BD130090B51F /* AppDelegate.swift in Sources */ = {isa = PBXBuildFile; fileRef = 665E927628F7BD130090B51F /* AppDelegate.swift */; };
		665E927928F7BD130090B51F /* SceneDelegate.swift in Sources */ = {isa = PBXBuildFile; fileRef = 665E927828F7BD130090B51F /* SceneDelegate.swift */; };
		665E928028F7BD140090B51F /* Assets.xcassets in Resources */ = {isa = PBXBuildFile; fileRef = 665E927F28F7BD140090B51F /* Assets.xcassets */; };
		665E928328F7BD140090B51F /* LaunchScreen.storyboard in Resources */ = {isa = PBXBuildFile; fileRef = 665E928128F7BD140090B51F /* LaunchScreen.storyboard */; };
		665E928B28F7BD660090B51F /* MainViewController.swift in Sources */ = {isa = PBXBuildFile; fileRef = 665E928A28F7BD660090B51F /* MainViewController.swift */; };
		665E929228F7C3370090B51F /* LoginNavigationController.swift in Sources */ = {isa = PBXBuildFile; fileRef = 665E929128F7C3370090B51F /* LoginNavigationController.swift */; };
		665E929428F83BF10090B51F /* UIButton+.swift in Sources */ = {isa = PBXBuildFile; fileRef = 665E929328F83BF10090B51F /* UIButton+.swift */; };
		665E929628F882520090B51F /* EmailLoginViewController.swift in Sources */ = {isa = PBXBuildFile; fileRef = 665E929528F882520090B51F /* EmailLoginViewController.swift */; };
		665E929B28F88D360090B51F /* EmailSignUpViewController.swift in Sources */ = {isa = PBXBuildFile; fileRef = 665E929A28F88D360090B51F /* EmailSignUpViewController.swift */; };
		6661AF6729178E5B003F18B0 /* NoticeListOverview.swift in Sources */ = {isa = PBXBuildFile; fileRef = 6661AF6629178E5B003F18B0 /* NoticeListOverview.swift */; };
		6661AF6929188EE2003F18B0 /* NoticeTableViewCell.swift in Sources */ = {isa = PBXBuildFile; fileRef = 6661AF6829188EE2003F18B0 /* NoticeTableViewCell.swift */; };
		6661AFAC291A63D3003F18B0 /* NoticeTableView.swift in Sources */ = {isa = PBXBuildFile; fileRef = 6661AFAB291A63D3003F18B0 /* NoticeTableView.swift */; };
		6661AFB0291A644E003F18B0 /* BookmarkTableView.swift in Sources */ = {isa = PBXBuildFile; fileRef = 6661AFAF291A644E003F18B0 /* BookmarkTableView.swift */; };
		6661AFB4291A648A003F18B0 /* BookmarkTableViewCell.swift in Sources */ = {isa = PBXBuildFile; fileRef = 6661AFB3291A648A003F18B0 /* BookmarkTableViewCell.swift */; };
		6661AFBC291A6506003F18B0 /* ResultTableView.swift in Sources */ = {isa = PBXBuildFile; fileRef = 6661AFBB291A6506003F18B0 /* ResultTableView.swift */; };
		6661AFBE291A6515003F18B0 /* ResultTableViewCell.swift in Sources */ = {isa = PBXBuildFile; fileRef = 6661AFBD291A6515003F18B0 /* ResultTableViewCell.swift */; };
		6661AFCC291B3CBE003F18B0 /* UpdateNoticeViewController.swift in Sources */ = {isa = PBXBuildFile; fileRef = 6661AFCB291B3CBE003F18B0 /* UpdateNoticeViewController.swift */; };
		6661AFCE291B6305003F18B0 /* MedicineFastAPIOverview.swift in Sources */ = {isa = PBXBuildFile; fileRef = 6661AFCD291B6305003F18B0 /* MedicineFastAPIOverview.swift */; };
		6661AFD0291B66FB003F18B0 /* MedicineInfoFastAPIOverview.swift in Sources */ = {isa = PBXBuildFile; fileRef = 6661AFCF291B66FB003F18B0 /* MedicineInfoFastAPIOverview.swift */; };
		6661AFD2291B74A1003F18B0 /* Network.swift in Sources */ = {isa = PBXBuildFile; fileRef = 6661AFD1291B74A1003F18B0 /* Network.swift */; };
		6661AFDA291B8ABA003F18B0 /* ResultTableViewCellData.swift in Sources */ = {isa = PBXBuildFile; fileRef = 6661AFD9291B8ABA003F18B0 /* ResultTableViewCellData.swift */; };
		6661AFE4291E1C20003F18B0 /* ResultTableViewHeader.swift in Sources */ = {isa = PBXBuildFile; fileRef = 6661AFE3291E1C20003F18B0 /* ResultTableViewHeader.swift */; };
		6661AFE8291E1E39003F18B0 /* AlertActionConvertible.swift in Sources */ = {isa = PBXBuildFile; fileRef = 6661AFE7291E1E39003F18B0 /* AlertActionConvertible.swift */; };
		6661AFEE2921C692003F18B0 /* DetailTableViewCell.swift in Sources */ = {isa = PBXBuildFile; fileRef = 6661AFED2921C692003F18B0 /* DetailTableViewCell.swift */; };
		6661AFF1292319D8003F18B0 /* LoadingView.swift in Sources */ = {isa = PBXBuildFile; fileRef = 6661AFF0292319D8003F18B0 /* LoadingView.swift */; };
		6661AFF529274EA8003F18B0 /* TabBarShadow.swift in Sources */ = {isa = PBXBuildFile; fileRef = 6661AFF429274EA8003F18B0 /* TabBarShadow.swift */; };
		6661AFF7292B19FF003F18B0 /* MedicineOverview.swift in Sources */ = {isa = PBXBuildFile; fileRef = 6661AFF6292B19FF003F18B0 /* MedicineOverview.swift */; };
		6661AFF9292B1A20003F18B0 /* MedicineInfoOverView.swift in Sources */ = {isa = PBXBuildFile; fileRef = 6661AFF8292B1A20003F18B0 /* MedicineInfoOverView.swift */; };
		6661B002292BA4F8003F18B0 /* AlarmCell.swift in Sources */ = {isa = PBXBuildFile; fileRef = 6661B001292BA4F8003F18B0 /* AlarmCell.swift */; };
		6661B006292BA784003F18B0 /* Alarm.swift in Sources */ = {isa = PBXBuildFile; fileRef = 6661B005292BA784003F18B0 /* Alarm.swift */; };
		6661B008292BA79D003F18B0 /* UNNotificationCenter.swift in Sources */ = {isa = PBXBuildFile; fileRef = 6661B007292BA79D003F18B0 /* UNNotificationCenter.swift */; };
		6661B00A292C678C003F18B0 /* SearchHistoryCell.swift in Sources */ = {isa = PBXBuildFile; fileRef = 6661B009292C678C003F18B0 /* SearchHistoryCell.swift */; };
		6661B00C292CC41F003F18B0 /* RxViewController.swift in Sources */ = {isa = PBXBuildFile; fileRef = 6661B00B292CC41F003F18B0 /* RxViewController.swift */; };
		6661B00E29343B47003F18B0 /* KeyboardNotification.swift in Sources */ = {isa = PBXBuildFile; fileRef = 6661B00D29343B47003F18B0 /* KeyboardNotification.swift */; };
		6661B0132935C3B6003F18B0 /* Localizable.strings in Resources */ = {isa = PBXBuildFile; fileRef = 6661B0152935C3B6003F18B0 /* Localizable.strings */; };
		6661B0182935D71A003F18B0 /* LocalizableString.swift in Sources */ = {isa = PBXBuildFile; fileRef = 6661B0172935D71A003F18B0 /* LocalizableString.swift */; };
		6661B0572937BD8E003F18B0 /* UITableView+.swift in Sources */ = {isa = PBXBuildFile; fileRef = 6661B0562937BD8E003F18B0 /* UITableView+.swift */; };
		6661B05929398494003F18B0 /* DetailTableViewImageCell.swift in Sources */ = {isa = PBXBuildFile; fileRef = 6661B05829398494003F18B0 /* DetailTableViewImageCell.swift */; };
		6661B05C293A5859003F18B0 /* FirebaseAuth in Frameworks */ = {isa = PBXBuildFile; productRef = 6661B05B293A5859003F18B0 /* FirebaseAuth */; };
		6661B05F293CA617003F18B0 /* DetailTableViewWarningCell.swift in Sources */ = {isa = PBXBuildFile; fileRef = 6661B05E293CA617003F18B0 /* DetailTableViewWarningCell.swift */; };
		668F42922944590100210C03 /* AddNoticeViewController1.swift in Sources */ = {isa = PBXBuildFile; fileRef = 668F42912944590100210C03 /* AddNoticeViewController1.swift */; };
		668F42942944593A00210C03 /* AddNoticeViewModel.swift in Sources */ = {isa = PBXBuildFile; fileRef = 668F42932944593A00210C03 /* AddNoticeViewModel.swift */; };
		668F42962944595300210C03 /* AddNoticeModel.swift in Sources */ = {isa = PBXBuildFile; fileRef = 668F42952944595300210C03 /* AddNoticeModel.swift */; };
		668F429829445B7700210C03 /* UILabel+.swift in Sources */ = {isa = PBXBuildFile; fileRef = 668F429729445B7700210C03 /* UILabel+.swift */; };
		668F42AF29463F4E00210C03 /* NoticeViewModel.swift in Sources */ = {isa = PBXBuildFile; fileRef = 668F42AE29463F4E00210C03 /* NoticeViewModel.swift */; };
		668F42B229463F7000210C03 /* NoticeViewController1.swift in Sources */ = {isa = PBXBuildFile; fileRef = 668F42B129463F7000210C03 /* NoticeViewController1.swift */; };
		668F42B529463F7C00210C03 /* NoticeModel.swift in Sources */ = {isa = PBXBuildFile; fileRef = 668F42B429463F7C00210C03 /* NoticeModel.swift */; };
		668F42B729463FE100210C03 /* Notice.swift in Sources */ = {isa = PBXBuildFile; fileRef = 668F42B629463FE100210C03 /* Notice.swift */; };
		668F42BA2946A9A100210C03 /* SearchModel.swift in Sources */ = {isa = PBXBuildFile; fileRef = 668F42B92946A9A100210C03 /* SearchModel.swift */; };
		668F42BC2946AA6800210C03 /* ProfileModel.swift in Sources */ = {isa = PBXBuildFile; fileRef = 668F42BB2946AA6800210C03 /* ProfileModel.swift */; };
		668F42BE2946AB0D00210C03 /* ProfileUpdateModel.swift in Sources */ = {isa = PBXBuildFile; fileRef = 668F42BD2946AB0D00210C03 /* ProfileUpdateModel.swift */; };
		66ABD626290369490050D048 /* GoogleService-Info.plist in Resources */ = {isa = PBXBuildFile; fileRef = 66ABD625290369490050D048 /* GoogleService-Info.plist */; };
		66ABD62A29036E3A0050D048 /* HomeTabBarController.swift in Sources */ = {isa = PBXBuildFile; fileRef = 66ABD62929036E3A0050D048 /* HomeTabBarController.swift */; };
		66ABD62C29038EB30050D048 /* SearchViewController.swift in Sources */ = {isa = PBXBuildFile; fileRef = 66ABD62B29038EB30050D048 /* SearchViewController.swift */; };
		66ABD62E29038EC10050D048 /* AlarmViewController.swift in Sources */ = {isa = PBXBuildFile; fileRef = 66ABD62D29038EC10050D048 /* AlarmViewController.swift */; };
		66ABD63029038EC70050D048 /* ProfileViewController.swift in Sources */ = {isa = PBXBuildFile; fileRef = 66ABD62F29038EC70050D048 /* ProfileViewController.swift */; };
		66ABD63629038F760050D048 /* HomeViewController.swift in Sources */ = {isa = PBXBuildFile; fileRef = 66ABD63529038F760050D048 /* HomeViewController.swift */; };
		66ABD63C290394E60050D048 /* NicknameSetViewController.swift in Sources */ = {isa = PBXBuildFile; fileRef = 66ABD63B290394E60050D048 /* NicknameSetViewController.swift */; };
		66E5D54E2941EF8C005E4D5C /* AlarmModel.swift in Sources */ = {isa = PBXBuildFile; fileRef = 66E5D54D2941EF8C005E4D5C /* AlarmModel.swift */; };
		66E5D5522941EFA0005E4D5C /* AlarmViewModel.swift in Sources */ = {isa = PBXBuildFile; fileRef = 66E5D5512941EFA0005E4D5C /* AlarmViewModel.swift */; };
		66E5D55A2941F391005E4D5C /* AlarmViewController1.swift in Sources */ = {isa = PBXBuildFile; fileRef = 66E5D5592941F391005E4D5C /* AlarmViewController1.swift */; };
		66E5D5B529420905005E4D5C /* HomeModel.swift in Sources */ = {isa = PBXBuildFile; fileRef = 66E5D5B429420905005E4D5C /* HomeModel.swift */; };
		66E5D5B72942090C005E4D5C /* HomeViewModel.swift in Sources */ = {isa = PBXBuildFile; fileRef = 66E5D5B62942090C005E4D5C /* HomeViewModel.swift */; };
		66E5D5BB2942091B005E4D5C /* HomeViewController1.swift in Sources */ = {isa = PBXBuildFile; fileRef = 66E5D5BA2942091B005E4D5C /* HomeViewController1.swift */; };
		66E5D5BD2942092C005E4D5C /* HomeTableViewCellView.swift in Sources */ = {isa = PBXBuildFile; fileRef = 66E5D5BC2942092C005E4D5C /* HomeTableViewCellView.swift */; };
		66E5D5BF29420934005E4D5C /* HomeTableViewModel.swift in Sources */ = {isa = PBXBuildFile; fileRef = 66E5D5BE29420934005E4D5C /* HomeTableViewModel.swift */; };
		66FBD3C6290D5F55008615C5 /* NoticeDetailViewController.swift in Sources */ = {isa = PBXBuildFile; fileRef = 66FBD3C5290D5F55008615C5 /* NoticeDetailViewController.swift */; };
		66FBD3C8290D6906008615C5 /* SearchBar.swift in Sources */ = {isa = PBXBuildFile; fileRef = 66FBD3C7290D6906008615C5 /* SearchBar.swift */; };
		66FBD3CA290D7993008615C5 /* TiemrViewController.swift in Sources */ = {isa = PBXBuildFile; fileRef = 66FBD3C9290D7993008615C5 /* TiemrViewController.swift */; };
		66FBD3CC290D79A1008615C5 /* AddAlarmViewController.swift in Sources */ = {isa = PBXBuildFile; fileRef = 66FBD3CB290D79A1008615C5 /* AddAlarmViewController.swift */; };
		66FBD3CE290ED8B7008615C5 /* ResultViewController.swift in Sources */ = {isa = PBXBuildFile; fileRef = 66FBD3CD290ED8B7008615C5 /* ResultViewController.swift */; };
		66FBD3D0290ED9E1008615C5 /* DetailViewController.swift in Sources */ = {isa = PBXBuildFile; fileRef = 66FBD3CF290ED9E1008615C5 /* DetailViewController.swift */; };
		66FBD3D2290EDA1B008615C5 /* DirectionViewController.swift in Sources */ = {isa = PBXBuildFile; fileRef = 66FBD3D1290EDA1B008615C5 /* DirectionViewController.swift */; };
		66FBD3D4290EDDF6008615C5 /* PictureSearchViewController.swift in Sources */ = {isa = PBXBuildFile; fileRef = 66FBD3D3290EDDF6008615C5 /* PictureSearchViewController.swift */; };
		66FBD3D6290FEF9F008615C5 /* SearchViewModel.swift in Sources */ = {isa = PBXBuildFile; fileRef = 66FBD3D5290FEF9F008615C5 /* SearchViewModel.swift */; };
		66FBD3DA2910BA47008615C5 /* APIInfo.swift in Sources */ = {isa = PBXBuildFile; fileRef = 66FBD3D92910BA47008615C5 /* APIInfo.swift */; };
		66FBD3DC2911F463008615C5 /* AddNoticeViewController.swift in Sources */ = {isa = PBXBuildFile; fileRef = 66FBD3DB2911F463008615C5 /* AddNoticeViewController.swift */; };
		66FBD3DE291239C3008615C5 /* UserInfoOverview.swift in Sources */ = {isa = PBXBuildFile; fileRef = 66FBD3DD291239C3008615C5 /* UserInfoOverview.swift */; };
		FAF84EF6533F95FEE7D41139 /* Pods_Pill_Information_Application_mk2.framework in Frameworks */ = {isa = PBXBuildFile; fileRef = 68D438C26E4B56F26F14109D /* Pods_Pill_Information_Application_mk2.framework */; };
/* End PBXBuildFile section */

/* Begin PBXFileReference section */
		6657ACD229070C4B0004BD11 /* FindEmailViewController.swift */ = {isa = PBXFileReference; lastKnownFileType = sourcecode.swift; path = FindEmailViewController.swift; sourceTree = "<group>"; };
		6657ACD429070C540004BD11 /* FindPasswdViewController.swift */ = {isa = PBXFileReference; lastKnownFileType = sourcecode.swift; path = FindPasswdViewController.swift; sourceTree = "<group>"; };
		6657ACD6290767750004BD11 /* FindEmailResultViewController.swift */ = {isa = PBXFileReference; lastKnownFileType = sourcecode.swift; path = FindEmailResultViewController.swift; sourceTree = "<group>"; };
		6657ACD829077E0C0004BD11 /* ProfileUpdateViewController.swift */ = {isa = PBXFileReference; lastKnownFileType = sourcecode.swift; path = ProfileUpdateViewController.swift; sourceTree = "<group>"; };
		6657ACDA2907EC6D0004BD11 /* PasswdCheckViewController.swift */ = {isa = PBXFileReference; lastKnownFileType = sourcecode.swift; path = PasswdCheckViewController.swift; sourceTree = "<group>"; };
		665E927328F7BD130090B51F /* Pill_Information_Application_mk2.app */ = {isa = PBXFileReference; explicitFileType = wrapper.application; includeInIndex = 0; path = Pill_Information_Application_mk2.app; sourceTree = BUILT_PRODUCTS_DIR; };
		665E927628F7BD130090B51F /* AppDelegate.swift */ = {isa = PBXFileReference; lastKnownFileType = sourcecode.swift; path = AppDelegate.swift; sourceTree = "<group>"; };
		665E927828F7BD130090B51F /* SceneDelegate.swift */ = {isa = PBXFileReference; lastKnownFileType = sourcecode.swift; path = SceneDelegate.swift; sourceTree = "<group>"; };
		665E927F28F7BD140090B51F /* Assets.xcassets */ = {isa = PBXFileReference; lastKnownFileType = folder.assetcatalog; path = Assets.xcassets; sourceTree = "<group>"; };
		665E928228F7BD140090B51F /* Base */ = {isa = PBXFileReference; lastKnownFileType = file.storyboard; name = Base; path = Base.lproj/LaunchScreen.storyboard; sourceTree = "<group>"; };
		665E928428F7BD140090B51F /* Info.plist */ = {isa = PBXFileReference; lastKnownFileType = text.plist.xml; path = Info.plist; sourceTree = "<group>"; };
		665E928A28F7BD660090B51F /* MainViewController.swift */ = {isa = PBXFileReference; lastKnownFileType = sourcecode.swift; path = MainViewController.swift; sourceTree = "<group>"; };
		665E929128F7C3370090B51F /* LoginNavigationController.swift */ = {isa = PBXFileReference; lastKnownFileType = sourcecode.swift; path = LoginNavigationController.swift; sourceTree = "<group>"; };
		665E929328F83BF10090B51F /* UIButton+.swift */ = {isa = PBXFileReference; lastKnownFileType = sourcecode.swift; path = "UIButton+.swift"; sourceTree = "<group>"; };
		665E929528F882520090B51F /* EmailLoginViewController.swift */ = {isa = PBXFileReference; lastKnownFileType = sourcecode.swift; path = EmailLoginViewController.swift; sourceTree = "<group>"; };
		665E929A28F88D360090B51F /* EmailSignUpViewController.swift */ = {isa = PBXFileReference; lastKnownFileType = sourcecode.swift; path = EmailSignUpViewController.swift; sourceTree = "<group>"; };
		6661AF6629178E5B003F18B0 /* NoticeListOverview.swift */ = {isa = PBXFileReference; lastKnownFileType = sourcecode.swift; path = NoticeListOverview.swift; sourceTree = "<group>"; };
		6661AF6829188EE2003F18B0 /* NoticeTableViewCell.swift */ = {isa = PBXFileReference; lastKnownFileType = sourcecode.swift; path = NoticeTableViewCell.swift; sourceTree = "<group>"; };
		6661AFAB291A63D3003F18B0 /* NoticeTableView.swift */ = {isa = PBXFileReference; lastKnownFileType = sourcecode.swift; path = NoticeTableView.swift; sourceTree = "<group>"; };
		6661AFAF291A644E003F18B0 /* BookmarkTableView.swift */ = {isa = PBXFileReference; lastKnownFileType = sourcecode.swift; path = BookmarkTableView.swift; sourceTree = "<group>"; };
		6661AFB3291A648A003F18B0 /* BookmarkTableViewCell.swift */ = {isa = PBXFileReference; lastKnownFileType = sourcecode.swift; path = BookmarkTableViewCell.swift; sourceTree = "<group>"; };
		6661AFBB291A6506003F18B0 /* ResultTableView.swift */ = {isa = PBXFileReference; lastKnownFileType = sourcecode.swift; path = ResultTableView.swift; sourceTree = "<group>"; };
		6661AFBD291A6515003F18B0 /* ResultTableViewCell.swift */ = {isa = PBXFileReference; lastKnownFileType = sourcecode.swift; path = ResultTableViewCell.swift; sourceTree = "<group>"; };
		6661AFCB291B3CBE003F18B0 /* UpdateNoticeViewController.swift */ = {isa = PBXFileReference; lastKnownFileType = sourcecode.swift; path = UpdateNoticeViewController.swift; sourceTree = "<group>"; };
		6661AFCD291B6305003F18B0 /* MedicineFastAPIOverview.swift */ = {isa = PBXFileReference; lastKnownFileType = sourcecode.swift; path = MedicineFastAPIOverview.swift; sourceTree = "<group>"; };
		6661AFCF291B66FB003F18B0 /* MedicineInfoFastAPIOverview.swift */ = {isa = PBXFileReference; lastKnownFileType = sourcecode.swift; path = MedicineInfoFastAPIOverview.swift; sourceTree = "<group>"; };
		6661AFD1291B74A1003F18B0 /* Network.swift */ = {isa = PBXFileReference; lastKnownFileType = sourcecode.swift; path = Network.swift; sourceTree = "<group>"; };
		6661AFD9291B8ABA003F18B0 /* ResultTableViewCellData.swift */ = {isa = PBXFileReference; lastKnownFileType = sourcecode.swift; path = ResultTableViewCellData.swift; sourceTree = "<group>"; };
		6661AFE3291E1C20003F18B0 /* ResultTableViewHeader.swift */ = {isa = PBXFileReference; lastKnownFileType = sourcecode.swift; path = ResultTableViewHeader.swift; sourceTree = "<group>"; };
		6661AFE7291E1E39003F18B0 /* AlertActionConvertible.swift */ = {isa = PBXFileReference; lastKnownFileType = sourcecode.swift; path = AlertActionConvertible.swift; sourceTree = "<group>"; };
		6661AFED2921C692003F18B0 /* DetailTableViewCell.swift */ = {isa = PBXFileReference; lastKnownFileType = sourcecode.swift; path = DetailTableViewCell.swift; sourceTree = "<group>"; };
		6661AFF0292319D8003F18B0 /* LoadingView.swift */ = {isa = PBXFileReference; fileEncoding = 4; lastKnownFileType = sourcecode.swift; path = LoadingView.swift; sourceTree = "<group>"; };
		6661AFF429274EA8003F18B0 /* TabBarShadow.swift */ = {isa = PBXFileReference; lastKnownFileType = sourcecode.swift; path = TabBarShadow.swift; sourceTree = "<group>"; };
		6661AFF6292B19FF003F18B0 /* MedicineOverview.swift */ = {isa = PBXFileReference; lastKnownFileType = sourcecode.swift; path = MedicineOverview.swift; sourceTree = "<group>"; };
		6661AFF8292B1A20003F18B0 /* MedicineInfoOverView.swift */ = {isa = PBXFileReference; lastKnownFileType = sourcecode.swift; path = MedicineInfoOverView.swift; sourceTree = "<group>"; };
		6661AFFA292B5467003F18B0 /* ko-KR */ = {isa = PBXFileReference; lastKnownFileType = text.plist.strings; name = "ko-KR"; path = "ko-KR.lproj/LaunchScreen.strings"; sourceTree = "<group>"; };
		6661B001292BA4F8003F18B0 /* AlarmCell.swift */ = {isa = PBXFileReference; lastKnownFileType = sourcecode.swift; name = AlarmCell.swift; path = ../AlarmCell.swift; sourceTree = "<group>"; };
		6661B005292BA784003F18B0 /* Alarm.swift */ = {isa = PBXFileReference; lastKnownFileType = sourcecode.swift; path = Alarm.swift; sourceTree = "<group>"; };
		6661B007292BA79D003F18B0 /* UNNotificationCenter.swift */ = {isa = PBXFileReference; lastKnownFileType = sourcecode.swift; path = UNNotificationCenter.swift; sourceTree = "<group>"; };
		6661B009292C678C003F18B0 /* SearchHistoryCell.swift */ = {isa = PBXFileReference; lastKnownFileType = sourcecode.swift; path = SearchHistoryCell.swift; sourceTree = "<group>"; };
		6661B00B292CC41F003F18B0 /* RxViewController.swift */ = {isa = PBXFileReference; lastKnownFileType = sourcecode.swift; path = RxViewController.swift; sourceTree = "<group>"; };
		6661B00D29343B47003F18B0 /* KeyboardNotification.swift */ = {isa = PBXFileReference; lastKnownFileType = sourcecode.swift; path = KeyboardNotification.swift; sourceTree = "<group>"; };
		6661B0142935C3B6003F18B0 /* en */ = {isa = PBXFileReference; lastKnownFileType = text.plist.strings; name = en; path = en.lproj/Localizable.strings; sourceTree = "<group>"; };
		6661B0162935C3E5003F18B0 /* ko-KR */ = {isa = PBXFileReference; lastKnownFileType = text.plist.strings; name = "ko-KR"; path = "ko-KR.lproj/Localizable.strings"; sourceTree = "<group>"; };
		6661B0172935D71A003F18B0 /* LocalizableString.swift */ = {isa = PBXFileReference; lastKnownFileType = sourcecode.swift; path = LocalizableString.swift; sourceTree = "<group>"; };
		6661B0562937BD8E003F18B0 /* UITableView+.swift */ = {isa = PBXFileReference; lastKnownFileType = sourcecode.swift; path = "UITableView+.swift"; sourceTree = "<group>"; };
		6661B05829398494003F18B0 /* DetailTableViewImageCell.swift */ = {isa = PBXFileReference; lastKnownFileType = sourcecode.swift; path = DetailTableViewImageCell.swift; sourceTree = "<group>"; };
		6661B05D293A693A003F18B0 /* Pill_Information_Application_mk2.entitlements */ = {isa = PBXFileReference; lastKnownFileType = text.plist.entitlements; path = Pill_Information_Application_mk2.entitlements; sourceTree = "<group>"; };
		6661B05E293CA617003F18B0 /* DetailTableViewWarningCell.swift */ = {isa = PBXFileReference; lastKnownFileType = sourcecode.swift; path = DetailTableViewWarningCell.swift; sourceTree = "<group>"; };
		668F42912944590100210C03 /* AddNoticeViewController1.swift */ = {isa = PBXFileReference; lastKnownFileType = sourcecode.swift; path = AddNoticeViewController1.swift; sourceTree = "<group>"; };
		668F42932944593A00210C03 /* AddNoticeViewModel.swift */ = {isa = PBXFileReference; lastKnownFileType = sourcecode.swift; path = AddNoticeViewModel.swift; sourceTree = "<group>"; };
		668F42952944595300210C03 /* AddNoticeModel.swift */ = {isa = PBXFileReference; lastKnownFileType = sourcecode.swift; path = AddNoticeModel.swift; sourceTree = "<group>"; };
		668F429729445B7700210C03 /* UILabel+.swift */ = {isa = PBXFileReference; lastKnownFileType = sourcecode.swift; path = "UILabel+.swift"; sourceTree = "<group>"; };
		668F42AE29463F4E00210C03 /* NoticeViewModel.swift */ = {isa = PBXFileReference; lastKnownFileType = sourcecode.swift; path = NoticeViewModel.swift; sourceTree = "<group>"; };
		668F42B129463F7000210C03 /* NoticeViewController1.swift */ = {isa = PBXFileReference; lastKnownFileType = sourcecode.swift; path = NoticeViewController1.swift; sourceTree = "<group>"; };
		668F42B429463F7C00210C03 /* NoticeModel.swift */ = {isa = PBXFileReference; lastKnownFileType = sourcecode.swift; path = NoticeModel.swift; sourceTree = "<group>"; };
		668F42B629463FE100210C03 /* Notice.swift */ = {isa = PBXFileReference; lastKnownFileType = sourcecode.swift; path = Notice.swift; sourceTree = "<group>"; };
		668F42B92946A9A100210C03 /* SearchModel.swift */ = {isa = PBXFileReference; lastKnownFileType = sourcecode.swift; path = SearchModel.swift; sourceTree = "<group>"; };
		668F42BB2946AA6800210C03 /* ProfileModel.swift */ = {isa = PBXFileReference; lastKnownFileType = sourcecode.swift; path = ProfileModel.swift; sourceTree = "<group>"; };
		668F42BD2946AB0D00210C03 /* ProfileUpdateModel.swift */ = {isa = PBXFileReference; lastKnownFileType = sourcecode.swift; path = ProfileUpdateModel.swift; sourceTree = "<group>"; };
		66ABD625290369490050D048 /* GoogleService-Info.plist */ = {isa = PBXFileReference; fileEncoding = 4; lastKnownFileType = text.plist.xml; path = "GoogleService-Info.plist"; sourceTree = "<group>"; };
		66ABD62929036E3A0050D048 /* HomeTabBarController.swift */ = {isa = PBXFileReference; lastKnownFileType = sourcecode.swift; path = HomeTabBarController.swift; sourceTree = "<group>"; };
		66ABD62B29038EB30050D048 /* SearchViewController.swift */ = {isa = PBXFileReference; lastKnownFileType = sourcecode.swift; path = SearchViewController.swift; sourceTree = "<group>"; };
		66ABD62D29038EC10050D048 /* AlarmViewController.swift */ = {isa = PBXFileReference; lastKnownFileType = sourcecode.swift; path = AlarmViewController.swift; sourceTree = "<group>"; };
		66ABD62F29038EC70050D048 /* ProfileViewController.swift */ = {isa = PBXFileReference; lastKnownFileType = sourcecode.swift; path = ProfileViewController.swift; sourceTree = "<group>"; };
		66ABD63529038F760050D048 /* HomeViewController.swift */ = {isa = PBXFileReference; lastKnownFileType = sourcecode.swift; path = HomeViewController.swift; sourceTree = "<group>"; };
		66ABD63B290394E60050D048 /* NicknameSetViewController.swift */ = {isa = PBXFileReference; lastKnownFileType = sourcecode.swift; path = NicknameSetViewController.swift; sourceTree = "<group>"; };
		66E5D54D2941EF8C005E4D5C /* AlarmModel.swift */ = {isa = PBXFileReference; lastKnownFileType = sourcecode.swift; path = AlarmModel.swift; sourceTree = "<group>"; };
		66E5D5512941EFA0005E4D5C /* AlarmViewModel.swift */ = {isa = PBXFileReference; lastKnownFileType = sourcecode.swift; path = AlarmViewModel.swift; sourceTree = "<group>"; };
		66E5D5592941F391005E4D5C /* AlarmViewController1.swift */ = {isa = PBXFileReference; lastKnownFileType = sourcecode.swift; path = AlarmViewController1.swift; sourceTree = "<group>"; };
		66E5D5B429420905005E4D5C /* HomeModel.swift */ = {isa = PBXFileReference; lastKnownFileType = sourcecode.swift; path = HomeModel.swift; sourceTree = "<group>"; };
		66E5D5B62942090C005E4D5C /* HomeViewModel.swift */ = {isa = PBXFileReference; lastKnownFileType = sourcecode.swift; path = HomeViewModel.swift; sourceTree = "<group>"; };
		66E5D5BA2942091B005E4D5C /* HomeViewController1.swift */ = {isa = PBXFileReference; lastKnownFileType = sourcecode.swift; path = HomeViewController1.swift; sourceTree = "<group>"; };
		66E5D5BC2942092C005E4D5C /* HomeTableViewCellView.swift */ = {isa = PBXFileReference; lastKnownFileType = sourcecode.swift; path = HomeTableViewCellView.swift; sourceTree = "<group>"; };
		66E5D5BE29420934005E4D5C /* HomeTableViewModel.swift */ = {isa = PBXFileReference; lastKnownFileType = sourcecode.swift; path = HomeTableViewModel.swift; sourceTree = "<group>"; };
		66FBD3C5290D5F55008615C5 /* NoticeDetailViewController.swift */ = {isa = PBXFileReference; lastKnownFileType = sourcecode.swift; path = NoticeDetailViewController.swift; sourceTree = "<group>"; };
		66FBD3C7290D6906008615C5 /* SearchBar.swift */ = {isa = PBXFileReference; lastKnownFileType = sourcecode.swift; path = SearchBar.swift; sourceTree = "<group>"; };
		66FBD3C9290D7993008615C5 /* TiemrViewController.swift */ = {isa = PBXFileReference; lastKnownFileType = sourcecode.swift; path = TiemrViewController.swift; sourceTree = "<group>"; };
		66FBD3CB290D79A1008615C5 /* AddAlarmViewController.swift */ = {isa = PBXFileReference; lastKnownFileType = sourcecode.swift; path = AddAlarmViewController.swift; sourceTree = "<group>"; };
		66FBD3CD290ED8B7008615C5 /* ResultViewController.swift */ = {isa = PBXFileReference; lastKnownFileType = sourcecode.swift; path = ResultViewController.swift; sourceTree = "<group>"; };
		66FBD3CF290ED9E1008615C5 /* DetailViewController.swift */ = {isa = PBXFileReference; lastKnownFileType = sourcecode.swift; path = DetailViewController.swift; sourceTree = "<group>"; };
		66FBD3D1290EDA1B008615C5 /* DirectionViewController.swift */ = {isa = PBXFileReference; lastKnownFileType = sourcecode.swift; path = DirectionViewController.swift; sourceTree = "<group>"; };
		66FBD3D3290EDDF6008615C5 /* PictureSearchViewController.swift */ = {isa = PBXFileReference; lastKnownFileType = sourcecode.swift; path = PictureSearchViewController.swift; sourceTree = "<group>"; };
		66FBD3D5290FEF9F008615C5 /* SearchViewModel.swift */ = {isa = PBXFileReference; lastKnownFileType = sourcecode.swift; path = SearchViewModel.swift; sourceTree = "<group>"; };
		66FBD3D92910BA47008615C5 /* APIInfo.swift */ = {isa = PBXFileReference; lastKnownFileType = sourcecode.swift; path = APIInfo.swift; sourceTree = "<group>"; };
		66FBD3DB2911F463008615C5 /* AddNoticeViewController.swift */ = {isa = PBXFileReference; lastKnownFileType = sourcecode.swift; path = AddNoticeViewController.swift; sourceTree = "<group>"; };
		66FBD3DD291239C3008615C5 /* UserInfoOverview.swift */ = {isa = PBXFileReference; lastKnownFileType = sourcecode.swift; path = UserInfoOverview.swift; sourceTree = "<group>"; };
		68D438C26E4B56F26F14109D /* Pods_Pill_Information_Application_mk2.framework */ = {isa = PBXFileReference; explicitFileType = wrapper.framework; includeInIndex = 0; path = Pods_Pill_Information_Application_mk2.framework; sourceTree = BUILT_PRODUCTS_DIR; };
		6BBE0744EE99FB871F73F5EE /* Pods-Pill_Information_Application_mk2.release.xcconfig */ = {isa = PBXFileReference; includeInIndex = 1; lastKnownFileType = text.xcconfig; name = "Pods-Pill_Information_Application_mk2.release.xcconfig"; path = "Target Support Files/Pods-Pill_Information_Application_mk2/Pods-Pill_Information_Application_mk2.release.xcconfig"; sourceTree = "<group>"; };
		C102E32FDDB84E9730B48F85 /* Pods-Pill_Information_Application_mk2.debug.xcconfig */ = {isa = PBXFileReference; includeInIndex = 1; lastKnownFileType = text.xcconfig; name = "Pods-Pill_Information_Application_mk2.debug.xcconfig"; path = "Target Support Files/Pods-Pill_Information_Application_mk2/Pods-Pill_Information_Application_mk2.debug.xcconfig"; sourceTree = "<group>"; };
/* End PBXFileReference section */

/* Begin PBXFrameworksBuildPhase section */
		665E927028F7BD130090B51F /* Frameworks */ = {
			isa = PBXFrameworksBuildPhase;
			buildActionMask = 2147483647;
			files = (
				FAF84EF6533F95FEE7D41139 /* Pods_Pill_Information_Application_mk2.framework in Frameworks */,
				6661B05C293A5859003F18B0 /* FirebaseAuth in Frameworks */,
				661DB27F28FFD4B300F79691 /* SnapKit in Frameworks */,
			);
			runOnlyForDeploymentPostprocessing = 0;
		};
/* End PBXFrameworksBuildPhase section */

/* Begin PBXGroup section */
		3F70268CFC1C4D3742921DEC /* Pods */ = {
			isa = PBXGroup;
			children = (
				C102E32FDDB84E9730B48F85 /* Pods-Pill_Information_Application_mk2.debug.xcconfig */,
				6BBE0744EE99FB871F73F5EE /* Pods-Pill_Information_Application_mk2.release.xcconfig */,
			);
			path = Pods;
			sourceTree = "<group>";
		};
		43FD435D8365C4F1AF90F821 /* Frameworks */ = {
			isa = PBXGroup;
			children = (
				68D438C26E4B56F26F14109D /* Pods_Pill_Information_Application_mk2.framework */,
			);
			name = Frameworks;
			sourceTree = "<group>";
		};
		665E926A28F7BD130090B51F = {
			isa = PBXGroup;
			children = (
				665E927528F7BD130090B51F /* Pill_Information_Application_mk2 */,
				665E927428F7BD130090B51F /* Products */,
				3F70268CFC1C4D3742921DEC /* Pods */,
				43FD435D8365C4F1AF90F821 /* Frameworks */,
			);
			sourceTree = "<group>";
		};
		665E927428F7BD130090B51F /* Products */ = {
			isa = PBXGroup;
			children = (
				665E927328F7BD130090B51F /* Pill_Information_Application_mk2.app */,
			);
			name = Products;
			sourceTree = "<group>";
		};
		665E927528F7BD130090B51F /* Pill_Information_Application_mk2 */ = {
			isa = PBXGroup;
			children = (
				6661B05D293A693A003F18B0 /* Pill_Information_Application_mk2.entitlements */,
				665E927628F7BD130090B51F /* AppDelegate.swift */,
				665E927828F7BD130090B51F /* SceneDelegate.swift */,
				6661B00B292CC41F003F18B0 /* RxViewController.swift */,
				6661B0152935C3B6003F18B0 /* Localizable.strings */,
				6661AFC7291A65C4003F18B0 /* Network */,
				6661AFC8291A65F9003F18B0 /* Entities */,
				665E929728F88D140090B51F /* Presentation */,
				665E927F28F7BD140090B51F /* Assets.xcassets */,
				665E928128F7BD140090B51F /* LaunchScreen.storyboard */,
				665E928428F7BD140090B51F /* Info.plist */,
				66ABD625290369490050D048 /* GoogleService-Info.plist */,
			);
			path = Pill_Information_Application_mk2;
			sourceTree = "<group>";
		};
		665E929728F88D140090B51F /* Presentation */ = {
			isa = PBXGroup;
			children = (
				66ABD63429038EEC0050D048 /* Main */,
				665E929828F88D1E0090B51F /* Login */,
			);
			path = Presentation;
			sourceTree = "<group>";
		};
		665E929828F88D1E0090B51F /* Login */ = {
			isa = PBXGroup;
			children = (
				665E928A28F7BD660090B51F /* MainViewController.swift */,
				665E929128F7C3370090B51F /* LoginNavigationController.swift */,
				66ABD63B290394E60050D048 /* NicknameSetViewController.swift */,
				665E929928F88D270090B51F /* EmailLogin */,
			);
			path = Login;
			sourceTree = "<group>";
		};
		665E929928F88D270090B51F /* EmailLogin */ = {
			isa = PBXGroup;
			children = (
				665E929528F882520090B51F /* EmailLoginViewController.swift */,
				665E929A28F88D360090B51F /* EmailSignUpViewController.swift */,
				6657ACD229070C4B0004BD11 /* FindEmailViewController.swift */,
				6657ACD429070C540004BD11 /* FindPasswdViewController.swift */,
				6657ACD6290767750004BD11 /* FindEmailResultViewController.swift */,
			);
			path = EmailLogin;
			sourceTree = "<group>";
		};
		6661AFAD291A63FB003F18B0 /* Entity */ = {
			isa = PBXGroup;
			children = (
				6661AFAB291A63D3003F18B0 /* NoticeTableView.swift */,
				6661AF6829188EE2003F18B0 /* NoticeTableViewCell.swift */,
			);
			path = Entity;
			sourceTree = "<group>";
		};
		6661AFAE291A6438003F18B0 /* Entity */ = {
			isa = PBXGroup;
			children = (
				6661AFAF291A644E003F18B0 /* BookmarkTableView.swift */,
				6661AFB3291A648A003F18B0 /* BookmarkTableViewCell.swift */,
			);
			path = Entity;
			sourceTree = "<group>";
		};
		6661AFB9291A64CB003F18B0 /* Entity */ = {
			isa = PBXGroup;
			children = (
				6661B001292BA4F8003F18B0 /* AlarmCell.swift */,
				6661B005292BA784003F18B0 /* Alarm.swift */,
				6661B007292BA79D003F18B0 /* UNNotificationCenter.swift */,
			);
			path = Entity;
			sourceTree = "<group>";
		};
		6661AFBA291A64EE003F18B0 /* ResultView */ = {
			isa = PBXGroup;
			children = (
				66FBD3CD290ED8B7008615C5 /* ResultViewController.swift */,
				66FBD3CF290ED9E1008615C5 /* DetailViewController.swift */,
				66FBD3D1290EDA1B008615C5 /* DirectionViewController.swift */,
				6661AFBF291A6520003F18B0 /* Entity */,
			);
			path = ResultView;
			sourceTree = "<group>";
		};
		6661AFBF291A6520003F18B0 /* Entity */ = {
			isa = PBXGroup;
			children = (
				6661AFEA2921C677003F18B0 /* ResultTable */,
				6661AFEF2921CA17003F18B0 /* DetailTable */,
			);
			path = Entity;
			sourceTree = "<group>";
		};
		6661AFC5291A659E003F18B0 /* Overview */ = {
			isa = PBXGroup;
			children = (
				66FBD3DD291239C3008615C5 /* UserInfoOverview.swift */,
				6661AF6629178E5B003F18B0 /* NoticeListOverview.swift */,
				6661AFCD291B6305003F18B0 /* MedicineFastAPIOverview.swift */,
				6661AFF6292B19FF003F18B0 /* MedicineOverview.swift */,
				6661AFCF291B66FB003F18B0 /* MedicineInfoFastAPIOverview.swift */,
				6661AFF8292B1A20003F18B0 /* MedicineInfoOverView.swift */,
			);
			path = Overview;
			sourceTree = "<group>";
		};
		6661AFC6291A65AF003F18B0 /* UI */ = {
			isa = PBXGroup;
			children = (
				6661AFF0292319D8003F18B0 /* LoadingView.swift */,
				6661AFF429274EA8003F18B0 /* TabBarShadow.swift */,
				6661B00D29343B47003F18B0 /* KeyboardNotification.swift */,
				6661B0562937BD8E003F18B0 /* UITableView+.swift */,
				665E929328F83BF10090B51F /* UIButton+.swift */,
				668F429729445B7700210C03 /* UILabel+.swift */,
			);
			path = UI;
			sourceTree = "<group>";
		};
		6661AFC7291A65C4003F18B0 /* Network */ = {
			isa = PBXGroup;
			children = (
				66FBD3D92910BA47008615C5 /* APIInfo.swift */,
				6661AFD1291B74A1003F18B0 /* Network.swift */,
			);
			path = Network;
			sourceTree = "<group>";
		};
		6661AFC8291A65F9003F18B0 /* Entities */ = {
			isa = PBXGroup;
			children = (
				6661AFE9291E1E49003F18B0 /* Convertible */,
				6661AFC5291A659E003F18B0 /* Overview */,
				6661AFC6291A65AF003F18B0 /* UI */,
				6661B0172935D71A003F18B0 /* LocalizableString.swift */,
				668F42B629463FE100210C03 /* Notice.swift */,
			);
			path = Entities;
			sourceTree = "<group>";
		};
		6661AFE9291E1E49003F18B0 /* Convertible */ = {
			isa = PBXGroup;
			children = (
				6661AFE7291E1E39003F18B0 /* AlertActionConvertible.swift */,
			);
			path = Convertible;
			sourceTree = "<group>";
		};
		6661AFEA2921C677003F18B0 /* ResultTable */ = {
			isa = PBXGroup;
			children = (
				6661AFBB291A6506003F18B0 /* ResultTableView.swift */,
				6661AFBD291A6515003F18B0 /* ResultTableViewCell.swift */,
				6661AFD9291B8ABA003F18B0 /* ResultTableViewCellData.swift */,
				6661AFE3291E1C20003F18B0 /* ResultTableViewHeader.swift */,
			);
			path = ResultTable;
			sourceTree = "<group>";
		};
		6661AFEF2921CA17003F18B0 /* DetailTable */ = {
			isa = PBXGroup;
			children = (
				6661AFED2921C692003F18B0 /* DetailTableViewCell.swift */,
				6661B05829398494003F18B0 /* DetailTableViewImageCell.swift */,
				6661B05E293CA617003F18B0 /* DetailTableViewWarningCell.swift */,
			);
			path = DetailTable;
			sourceTree = "<group>";
		};
		668F42B029463F6000210C03 /* Notice */ = {
			isa = PBXGroup;
			children = (
				668F42932944593A00210C03 /* AddNoticeViewModel.swift */,
				668F42AE29463F4E00210C03 /* NoticeViewModel.swift */,
			);
			path = Notice;
			sourceTree = "<group>";
		};
		668F42B329463F7400210C03 /* Notice */ = {
			isa = PBXGroup;
			children = (
				668F42912944590100210C03 /* AddNoticeViewController1.swift */,
				668F42B129463F7000210C03 /* NoticeViewController1.swift */,
			);
			path = Notice;
			sourceTree = "<group>";
		};
		668F42B82946476E00210C03 /* MVVM */ = {
			isa = PBXGroup;
			children = (
				66E5D5362941E81F005E4D5C /* Models */,
				66E5D5372941E831005E4D5C /* ViewModels */,
				66E5D5532941F0AA005E4D5C /* ViewControllers */,
			);
			path = MVVM;
			sourceTree = "<group>";
		};
		66ABD63129038ECD0050D048 /* Search */ = {
			isa = PBXGroup;
			children = (
				66ABD62B29038EB30050D048 /* SearchViewController.swift */,
				6661B009292C678C003F18B0 /* SearchHistoryCell.swift */,
				66FBD3D3290EDDF6008615C5 /* PictureSearchViewController.swift */,
				66FBD3D8290FEFA9008615C5 /* SearchBar */,
				6661AFBA291A64EE003F18B0 /* ResultView */,
			);
			path = Search;
			sourceTree = "<group>";
		};
		66ABD63229038ED70050D048 /* Alarm */ = {
			isa = PBXGroup;
			children = (
				66ABD62D29038EC10050D048 /* AlarmViewController.swift */,
				66FBD3C9290D7993008615C5 /* TiemrViewController.swift */,
				66FBD3CB290D79A1008615C5 /* AddAlarmViewController.swift */,
				6661AFB9291A64CB003F18B0 /* Entity */,
			);
			path = Alarm;
			sourceTree = "<group>";
		};
		66ABD63329038EE00050D048 /* Profile */ = {
			isa = PBXGroup;
			children = (
				66ABD62F29038EC70050D048 /* ProfileViewController.swift */,
				6657ACD829077E0C0004BD11 /* ProfileUpdateViewController.swift */,
				6657ACDA2907EC6D0004BD11 /* PasswdCheckViewController.swift */,
				6661AFAE291A6438003F18B0 /* Entity */,
			);
			path = Profile;
			sourceTree = "<group>";
		};
		66ABD63429038EEC0050D048 /* Main */ = {
			isa = PBXGroup;
			children = (
				668F42B82946476E00210C03 /* MVVM */,
				66ABD62929036E3A0050D048 /* HomeTabBarController.swift */,
				66ABD63129038ECD0050D048 /* Search */,
				66ABD63729038F7A0050D048 /* Home */,
				66ABD63229038ED70050D048 /* Alarm */,
				66ABD63329038EE00050D048 /* Profile */,
			);
			path = Main;
			sourceTree = "<group>";
		};
		66ABD63729038F7A0050D048 /* Home */ = {
			isa = PBXGroup;
			children = (
				66ABD63529038F760050D048 /* HomeViewController.swift */,
				66FBD3C5290D5F55008615C5 /* NoticeDetailViewController.swift */,
				66FBD3DB2911F463008615C5 /* AddNoticeViewController.swift */,
				6661AFCB291B3CBE003F18B0 /* UpdateNoticeViewController.swift */,
				6661AFAD291A63FB003F18B0 /* Entity */,
			);
			path = Home;
			sourceTree = "<group>";
		};
		66E5D5362941E81F005E4D5C /* Models */ = {
			isa = PBXGroup;
			children = (
				66E5D53C2941E86C005E4D5C /* Board */,
				66E5D53B2941E864005E4D5C /* Search */,
				66E5D53A2941E85F005E4D5C /* Home */,
				66E5D5392941E859005E4D5C /* Alarm */,
				66E5D5382941E853005E4D5C /* Profile */,
			);
			path = Models;
			sourceTree = "<group>";
		};
		66E5D5372941E831005E4D5C /* ViewModels */ = {
			isa = PBXGroup;
			children = (
				66E5D5412941E8AC005E4D5C /* Board */,
				66E5D5402941E8A7005E4D5C /* Search */,
				66E5D53F2941E8A3005E4D5C /* Home */,
				66E5D53E2941E89E005E4D5C /* Alarm */,
				66E5D53D2941E899005E4D5C /* Profile */,
			);
			path = ViewModels;
			sourceTree = "<group>";
		};
		66E5D5382941E853005E4D5C /* Profile */ = {
			isa = PBXGroup;
			children = (
				668F42BB2946AA6800210C03 /* ProfileModel.swift */,
				668F42BD2946AB0D00210C03 /* ProfileUpdateModel.swift */,
			);
			path = Profile;
			sourceTree = "<group>";
		};
		66E5D5392941E859005E4D5C /* Alarm */ = {
			isa = PBXGroup;
			children = (
				66E5D54D2941EF8C005E4D5C /* AlarmModel.swift */,
			);
			path = Alarm;
			sourceTree = "<group>";
		};
		66E5D53A2941E85F005E4D5C /* Home */ = {
			isa = PBXGroup;
			children = (
				66E5D5B429420905005E4D5C /* HomeModel.swift */,
				668F42952944595300210C03 /* AddNoticeModel.swift */,
				668F42B429463F7C00210C03 /* NoticeModel.swift */,
			);
			path = Home;
			sourceTree = "<group>";
		};
		66E5D53B2941E864005E4D5C /* Search */ = {
			isa = PBXGroup;
			children = (
				668F42B92946A9A100210C03 /* SearchModel.swift */,
			);
			path = Search;
			sourceTree = "<group>";
		};
		66E5D53C2941E86C005E4D5C /* Board */ = {
			isa = PBXGroup;
			children = (
			);
			path = Board;
			sourceTree = "<group>";
		};
		66E5D53D2941E899005E4D5C /* Profile */ = {
			isa = PBXGroup;
			children = (
			);
			path = Profile;
			sourceTree = "<group>";
		};
		66E5D53E2941E89E005E4D5C /* Alarm */ = {
			isa = PBXGroup;
			children = (
				66E5D5512941EFA0005E4D5C /* AlarmViewModel.swift */,
			);
			path = Alarm;
			sourceTree = "<group>";
		};
		66E5D53F2941E8A3005E4D5C /* Home */ = {
			isa = PBXGroup;
			children = (
				66E5D5B62942090C005E4D5C /* HomeViewModel.swift */,
				66E5D5BE29420934005E4D5C /* HomeTableViewModel.swift */,
				668F42B029463F6000210C03 /* Notice */,
			);
			path = Home;
			sourceTree = "<group>";
		};
		66E5D5402941E8A7005E4D5C /* Search */ = {
			isa = PBXGroup;
			children = (
			);
			path = Search;
			sourceTree = "<group>";
		};
		66E5D5412941E8AC005E4D5C /* Board */ = {
			isa = PBXGroup;
			children = (
			);
			path = Board;
			sourceTree = "<group>";
		};
		66E5D5532941F0AA005E4D5C /* ViewControllers */ = {
			isa = PBXGroup;
			children = (
				66E5D5582941F112005E4D5C /* Board */,
				66E5D5572941F10E005E4D5C /* Search */,
				66E5D5562941F109005E4D5C /* Home */,
				66E5D5552941F103005E4D5C /* Alarm */,
				66E5D5542941F0FC005E4D5C /* Profile */,
			);
			path = ViewControllers;
			sourceTree = "<group>";
		};
		66E5D5542941F0FC005E4D5C /* Profile */ = {
			isa = PBXGroup;
			children = (
			);
			path = Profile;
			sourceTree = "<group>";
		};
		66E5D5552941F103005E4D5C /* Alarm */ = {
			isa = PBXGroup;
			children = (
				66E5D5592941F391005E4D5C /* AlarmViewController1.swift */,
			);
			path = Alarm;
			sourceTree = "<group>";
		};
		66E5D5562941F109005E4D5C /* Home */ = {
			isa = PBXGroup;
			children = (
				66E5D5BC2942092C005E4D5C /* HomeTableViewCellView.swift */,
				66E5D5BA2942091B005E4D5C /* HomeViewController1.swift */,
				668F42B329463F7400210C03 /* Notice */,
			);
			path = Home;
			sourceTree = "<group>";
		};
		66E5D5572941F10E005E4D5C /* Search */ = {
			isa = PBXGroup;
			children = (
			);
			path = Search;
			sourceTree = "<group>";
		};
		66E5D5582941F112005E4D5C /* Board */ = {
			isa = PBXGroup;
			children = (
			);
			path = Board;
			sourceTree = "<group>";
		};
		66FBD3D8290FEFA9008615C5 /* SearchBar */ = {
			isa = PBXGroup;
			children = (
				66FBD3C7290D6906008615C5 /* SearchBar.swift */,
				66FBD3D5290FEF9F008615C5 /* SearchViewModel.swift */,
			);
			path = SearchBar;
			sourceTree = "<group>";
		};
/* End PBXGroup section */

/* Begin PBXNativeTarget section */
		665E927228F7BD130090B51F /* Pill_Information_Application_mk2 */ = {
			isa = PBXNativeTarget;
			buildConfigurationList = 665E928728F7BD140090B51F /* Build configuration list for PBXNativeTarget "Pill_Information_Application_mk2" */;
			buildPhases = (
				A587BB7B50F33165C8D1E29E /* [CP] Check Pods Manifest.lock */,
				665E926F28F7BD130090B51F /* Sources */,
				665E927028F7BD130090B51F /* Frameworks */,
				665E927128F7BD130090B51F /* Resources */,
				3F5CBC7E8E0EA6FE06C46796 /* [CP] Embed Pods Frameworks */,
			);
			buildRules = (
			);
			dependencies = (
			);
			name = Pill_Information_Application_mk2;
			packageProductDependencies = (
				661DB27E28FFD4B300F79691 /* SnapKit */,
				6661B05B293A5859003F18B0 /* FirebaseAuth */,
			);
			productName = Pill_Information_Application_mk2;
			productReference = 665E927328F7BD130090B51F /* Pill_Information_Application_mk2.app */;
			productType = "com.apple.product-type.application";
		};
/* End PBXNativeTarget section */

/* Begin PBXProject section */
		665E926B28F7BD130090B51F /* Project object */ = {
			isa = PBXProject;
			attributes = {
				BuildIndependentTargetsInParallel = 1;
				LastSwiftUpdateCheck = 1400;
				LastUpgradeCheck = 1400;
				TargetAttributes = {
					665E927228F7BD130090B51F = {
						CreatedOnToolsVersion = 14.0.1;
					};
				};
			};
			buildConfigurationList = 665E926E28F7BD130090B51F /* Build configuration list for PBXProject "Pill_Information_Application_mk2" */;
			compatibilityVersion = "Xcode 14.0";
			developmentRegion = en;
			hasScannedForEncodings = 0;
			knownRegions = (
				en,
				Base,
				"ko-KR",
			);
			mainGroup = 665E926A28F7BD130090B51F;
			packageReferences = (
				661DB27D28FFD4B300F79691 /* XCRemoteSwiftPackageReference "SnapKit" */,
				6661B05A293A5859003F18B0 /* XCRemoteSwiftPackageReference "firebase-ios-sdk" */,
			);
			productRefGroup = 665E927428F7BD130090B51F /* Products */;
			projectDirPath = "";
			projectRoot = "";
			targets = (
				665E927228F7BD130090B51F /* Pill_Information_Application_mk2 */,
			);
		};
/* End PBXProject section */

/* Begin PBXResourcesBuildPhase section */
		665E927128F7BD130090B51F /* Resources */ = {
			isa = PBXResourcesBuildPhase;
			buildActionMask = 2147483647;
			files = (
				665E928328F7BD140090B51F /* LaunchScreen.storyboard in Resources */,
				6661B0132935C3B6003F18B0 /* Localizable.strings in Resources */,
				665E928028F7BD140090B51F /* Assets.xcassets in Resources */,
				66ABD626290369490050D048 /* GoogleService-Info.plist in Resources */,
			);
			runOnlyForDeploymentPostprocessing = 0;
		};
/* End PBXResourcesBuildPhase section */

/* Begin PBXShellScriptBuildPhase section */
		3F5CBC7E8E0EA6FE06C46796 /* [CP] Embed Pods Frameworks */ = {
			isa = PBXShellScriptBuildPhase;
			buildActionMask = 2147483647;
			files = (
			);
			inputFileListPaths = (
				"${PODS_ROOT}/Target Support Files/Pods-Pill_Information_Application_mk2/Pods-Pill_Information_Application_mk2-frameworks-${CONFIGURATION}-input-files.xcfilelist",
			);
			name = "[CP] Embed Pods Frameworks";
			outputFileListPaths = (
				"${PODS_ROOT}/Target Support Files/Pods-Pill_Information_Application_mk2/Pods-Pill_Information_Application_mk2-frameworks-${CONFIGURATION}-output-files.xcfilelist",
			);
			runOnlyForDeploymentPostprocessing = 0;
			shellPath = /bin/sh;
			shellScript = "\"${PODS_ROOT}/Target Support Files/Pods-Pill_Information_Application_mk2/Pods-Pill_Information_Application_mk2-frameworks.sh\"\n";
			showEnvVarsInLog = 0;
		};
		A587BB7B50F33165C8D1E29E /* [CP] Check Pods Manifest.lock */ = {
			isa = PBXShellScriptBuildPhase;
			buildActionMask = 2147483647;
			files = (
			);
			inputFileListPaths = (
			);
			inputPaths = (
				"${PODS_PODFILE_DIR_PATH}/Podfile.lock",
				"${PODS_ROOT}/Manifest.lock",
			);
			name = "[CP] Check Pods Manifest.lock";
			outputFileListPaths = (
			);
			outputPaths = (
				"$(DERIVED_FILE_DIR)/Pods-Pill_Information_Application_mk2-checkManifestLockResult.txt",
			);
			runOnlyForDeploymentPostprocessing = 0;
			shellPath = /bin/sh;
			shellScript = "diff \"${PODS_PODFILE_DIR_PATH}/Podfile.lock\" \"${PODS_ROOT}/Manifest.lock\" > /dev/null\nif [ $? != 0 ] ; then\n    # print error to STDERR\n    echo \"error: The sandbox is not in sync with the Podfile.lock. Run 'pod install' or update your CocoaPods installation.\" >&2\n    exit 1\nfi\n# This output is used by Xcode 'outputs' to avoid re-running this script phase.\necho \"SUCCESS\" > \"${SCRIPT_OUTPUT_FILE_0}\"\n";
			showEnvVarsInLog = 0;
		};
/* End PBXShellScriptBuildPhase section */

/* Begin PBXSourcesBuildPhase section */
		665E926F28F7BD130090B51F /* Sources */ = {
			isa = PBXSourcesBuildPhase;
			buildActionMask = 2147483647;
			files = (
				6661AFB4291A648A003F18B0 /* BookmarkTableViewCell.swift in Sources */,
				665E929428F83BF10090B51F /* UIButton+.swift in Sources */,
				6661AFE8291E1E39003F18B0 /* AlertActionConvertible.swift in Sources */,
				6661B0182935D71A003F18B0 /* LocalizableString.swift in Sources */,
				6661AFD0291B66FB003F18B0 /* MedicineInfoFastAPIOverview.swift in Sources */,
				6657ACD329070C4B0004BD11 /* FindEmailViewController.swift in Sources */,
				66FBD3DC2911F463008615C5 /* AddNoticeViewController.swift in Sources */,
				66FBD3D2290EDA1B008615C5 /* DirectionViewController.swift in Sources */,
				6661B00E29343B47003F18B0 /* KeyboardNotification.swift in Sources */,
				66E5D54E2941EF8C005E4D5C /* AlarmModel.swift in Sources */,
				6661AFF7292B19FF003F18B0 /* MedicineOverview.swift in Sources */,
				66FBD3D0290ED9E1008615C5 /* DetailViewController.swift in Sources */,
				668F42B229463F7000210C03 /* NoticeViewController1.swift in Sources */,
				665E928B28F7BD660090B51F /* MainViewController.swift in Sources */,
				66E5D5BD2942092C005E4D5C /* HomeTableViewCellView.swift in Sources */,
				668F42B729463FE100210C03 /* Notice.swift in Sources */,
				66FBD3CE290ED8B7008615C5 /* ResultViewController.swift in Sources */,
				668F42962944595300210C03 /* AddNoticeModel.swift in Sources */,
				6661B0572937BD8E003F18B0 /* UITableView+.swift in Sources */,
				6657ACD529070C540004BD11 /* FindPasswdViewController.swift in Sources */,
				66E5D5522941EFA0005E4D5C /* AlarmViewModel.swift in Sources */,
				6661AF6729178E5B003F18B0 /* NoticeListOverview.swift in Sources */,
				6657ACD7290767750004BD11 /* FindEmailResultViewController.swift in Sources */,
				6661AFBE291A6515003F18B0 /* ResultTableViewCell.swift in Sources */,
				66ABD63029038EC70050D048 /* ProfileViewController.swift in Sources */,
				6661AFEE2921C692003F18B0 /* DetailTableViewCell.swift in Sources */,
				66E5D55A2941F391005E4D5C /* AlarmViewController1.swift in Sources */,
				66ABD63C290394E60050D048 /* NicknameSetViewController.swift in Sources */,
				6661AFCC291B3CBE003F18B0 /* UpdateNoticeViewController.swift in Sources */,
				6661AFDA291B8ABA003F18B0 /* ResultTableViewCellData.swift in Sources */,
				66FBD3DA2910BA47008615C5 /* APIInfo.swift in Sources */,
				6661B05F293CA617003F18B0 /* DetailTableViewWarningCell.swift in Sources */,
				66E5D5B72942090C005E4D5C /* HomeViewModel.swift in Sources */,
				6661AFCE291B6305003F18B0 /* MedicineFastAPIOverview.swift in Sources */,
				6661B002292BA4F8003F18B0 /* AlarmCell.swift in Sources */,
				668F42BA2946A9A100210C03 /* SearchModel.swift in Sources */,
				668F42BC2946AA6800210C03 /* ProfileModel.swift in Sources */,
				6661AFD2291B74A1003F18B0 /* Network.swift in Sources */,
				6661B00A292C678C003F18B0 /* SearchHistoryCell.swift in Sources */,
				6661AFF9292B1A20003F18B0 /* MedicineInfoOverView.swift in Sources */,
				66FBD3CA290D7993008615C5 /* TiemrViewController.swift in Sources */,
				6661AFAC291A63D3003F18B0 /* NoticeTableView.swift in Sources */,
				66ABD63629038F760050D048 /* HomeViewController.swift in Sources */,
				6661AFE4291E1C20003F18B0 /* ResultTableViewHeader.swift in Sources */,
				6657ACD929077E0C0004BD11 /* ProfileUpdateViewController.swift in Sources */,
				66FBD3CC290D79A1008615C5 /* AddAlarmViewController.swift in Sources */,
				665E927728F7BD130090B51F /* AppDelegate.swift in Sources */,
				665E929628F882520090B51F /* EmailLoginViewController.swift in Sources */,
				665E927928F7BD130090B51F /* SceneDelegate.swift in Sources */,
				66FBD3D4290EDDF6008615C5 /* PictureSearchViewController.swift in Sources */,
				668F42B529463F7C00210C03 /* NoticeModel.swift in Sources */,
				668F42922944590100210C03 /* AddNoticeViewController1.swift in Sources */,
				6661AFBC291A6506003F18B0 /* ResultTableView.swift in Sources */,
				6661AFB0291A644E003F18B0 /* BookmarkTableView.swift in Sources */,
				6661AFF1292319D8003F18B0 /* LoadingView.swift in Sources */,
				6661B00C292CC41F003F18B0 /* RxViewController.swift in Sources */,
				66ABD62A29036E3A0050D048 /* HomeTabBarController.swift in Sources */,
				66FBD3C8290D6906008615C5 /* SearchBar.swift in Sources */,
				66ABD62E29038EC10050D048 /* AlarmViewController.swift in Sources */,
				66FBD3D6290FEF9F008615C5 /* SearchViewModel.swift in Sources */,
				66E5D5BF29420934005E4D5C /* HomeTableViewModel.swift in Sources */,
				6661AFF529274EA8003F18B0 /* TabBarShadow.swift in Sources */,
				6661AF6929188EE2003F18B0 /* NoticeTableViewCell.swift in Sources */,
				6661B05929398494003F18B0 /* DetailTableViewImageCell.swift in Sources */,
				668F42942944593A00210C03 /* AddNoticeViewModel.swift in Sources */,
				6661B006292BA784003F18B0 /* Alarm.swift in Sources */,
				66E5D5B529420905005E4D5C /* HomeModel.swift in Sources */,
				66FBD3DE291239C3008615C5 /* UserInfoOverview.swift in Sources */,
				66E5D5BB2942091B005E4D5C /* HomeViewController1.swift in Sources */,
				6661B008292BA79D003F18B0 /* UNNotificationCenter.swift in Sources */,
				668F42BE2946AB0D00210C03 /* ProfileUpdateModel.swift in Sources */,
				6657ACDB2907EC6D0004BD11 /* PasswdCheckViewController.swift in Sources */,
				66ABD62C29038EB30050D048 /* SearchViewController.swift in Sources */,
				668F42AF29463F4E00210C03 /* NoticeViewModel.swift in Sources */,
				66FBD3C6290D5F55008615C5 /* NoticeDetailViewController.swift in Sources */,
				668F429829445B7700210C03 /* UILabel+.swift in Sources */,
				665E929228F7C3370090B51F /* LoginNavigationController.swift in Sources */,
				665E929B28F88D360090B51F /* EmailSignUpViewController.swift in Sources */,
			);
			runOnlyForDeploymentPostprocessing = 0;
		};
/* End PBXSourcesBuildPhase section */

/* Begin PBXVariantGroup section */
		665E928128F7BD140090B51F /* LaunchScreen.storyboard */ = {
			isa = PBXVariantGroup;
			children = (
				665E928228F7BD140090B51F /* Base */,
				6661AFFA292B5467003F18B0 /* ko-KR */,
			);
			name = LaunchScreen.storyboard;
			sourceTree = "<group>";
		};
		6661B0152935C3B6003F18B0 /* Localizable.strings */ = {
			isa = PBXVariantGroup;
			children = (
				6661B0142935C3B6003F18B0 /* en */,
				6661B0162935C3E5003F18B0 /* ko-KR */,
			);
			name = Localizable.strings;
			sourceTree = "<group>";
		};
/* End PBXVariantGroup section */

/* Begin XCBuildConfiguration section */
		665E928528F7BD140090B51F /* Debug */ = {
			isa = XCBuildConfiguration;
			buildSettings = {
				ALWAYS_SEARCH_USER_PATHS = NO;
				CLANG_ANALYZER_LOCALIZABILITY_NONLOCALIZED = YES;
				CLANG_ANALYZER_NONNULL = YES;
				CLANG_ANALYZER_NUMBER_OBJECT_CONVERSION = YES_AGGRESSIVE;
				CLANG_CXX_LANGUAGE_STANDARD = "gnu++20";
				CLANG_ENABLE_MODULES = YES;
				CLANG_ENABLE_OBJC_ARC = YES;
				CLANG_ENABLE_OBJC_WEAK = YES;
				CLANG_WARN_BLOCK_CAPTURE_AUTORELEASING = YES;
				CLANG_WARN_BOOL_CONVERSION = YES;
				CLANG_WARN_COMMA = YES;
				CLANG_WARN_CONSTANT_CONVERSION = YES;
				CLANG_WARN_DEPRECATED_OBJC_IMPLEMENTATIONS = YES;
				CLANG_WARN_DIRECT_OBJC_ISA_USAGE = YES_ERROR;
				CLANG_WARN_DOCUMENTATION_COMMENTS = YES;
				CLANG_WARN_EMPTY_BODY = YES;
				CLANG_WARN_ENUM_CONVERSION = YES;
				CLANG_WARN_INFINITE_RECURSION = YES;
				CLANG_WARN_INT_CONVERSION = YES;
				CLANG_WARN_NON_LITERAL_NULL_CONVERSION = YES;
				CLANG_WARN_OBJC_IMPLICIT_RETAIN_SELF = YES;
				CLANG_WARN_OBJC_LITERAL_CONVERSION = YES;
				CLANG_WARN_OBJC_ROOT_CLASS = YES_ERROR;
				CLANG_WARN_QUOTED_INCLUDE_IN_FRAMEWORK_HEADER = YES;
				CLANG_WARN_RANGE_LOOP_ANALYSIS = YES;
				CLANG_WARN_STRICT_PROTOTYPES = YES;
				CLANG_WARN_SUSPICIOUS_MOVE = YES;
				CLANG_WARN_UNGUARDED_AVAILABILITY = YES_AGGRESSIVE;
				CLANG_WARN_UNREACHABLE_CODE = YES;
				CLANG_WARN__DUPLICATE_METHOD_MATCH = YES;
				COPY_PHASE_STRIP = NO;
				DEBUG_INFORMATION_FORMAT = dwarf;
				ENABLE_STRICT_OBJC_MSGSEND = YES;
				ENABLE_TESTABILITY = YES;
				GCC_C_LANGUAGE_STANDARD = gnu11;
				GCC_DYNAMIC_NO_PIC = NO;
				GCC_NO_COMMON_BLOCKS = YES;
				GCC_OPTIMIZATION_LEVEL = 0;
				GCC_PREPROCESSOR_DEFINITIONS = (
					"DEBUG=1",
					"$(inherited)",
				);
				GCC_WARN_64_TO_32_BIT_CONVERSION = YES;
				GCC_WARN_ABOUT_RETURN_TYPE = YES_ERROR;
				GCC_WARN_UNDECLARED_SELECTOR = YES;
				GCC_WARN_UNINITIALIZED_AUTOS = YES_AGGRESSIVE;
				GCC_WARN_UNUSED_FUNCTION = YES;
				GCC_WARN_UNUSED_VARIABLE = YES;
				IPHONEOS_DEPLOYMENT_TARGET = 16.0;
				MTL_ENABLE_DEBUG_INFO = INCLUDE_SOURCE;
				MTL_FAST_MATH = YES;
				ONLY_ACTIVE_ARCH = YES;
				SDKROOT = iphoneos;
				SWIFT_ACTIVE_COMPILATION_CONDITIONS = DEBUG;
				SWIFT_OPTIMIZATION_LEVEL = "-Onone";
			};
			name = Debug;
		};
		665E928628F7BD140090B51F /* Release */ = {
			isa = XCBuildConfiguration;
			buildSettings = {
				ALWAYS_SEARCH_USER_PATHS = NO;
				CLANG_ANALYZER_LOCALIZABILITY_NONLOCALIZED = YES;
				CLANG_ANALYZER_NONNULL = YES;
				CLANG_ANALYZER_NUMBER_OBJECT_CONVERSION = YES_AGGRESSIVE;
				CLANG_CXX_LANGUAGE_STANDARD = "gnu++20";
				CLANG_ENABLE_MODULES = YES;
				CLANG_ENABLE_OBJC_ARC = YES;
				CLANG_ENABLE_OBJC_WEAK = YES;
				CLANG_WARN_BLOCK_CAPTURE_AUTORELEASING = YES;
				CLANG_WARN_BOOL_CONVERSION = YES;
				CLANG_WARN_COMMA = YES;
				CLANG_WARN_CONSTANT_CONVERSION = YES;
				CLANG_WARN_DEPRECATED_OBJC_IMPLEMENTATIONS = YES;
				CLANG_WARN_DIRECT_OBJC_ISA_USAGE = YES_ERROR;
				CLANG_WARN_DOCUMENTATION_COMMENTS = YES;
				CLANG_WARN_EMPTY_BODY = YES;
				CLANG_WARN_ENUM_CONVERSION = YES;
				CLANG_WARN_INFINITE_RECURSION = YES;
				CLANG_WARN_INT_CONVERSION = YES;
				CLANG_WARN_NON_LITERAL_NULL_CONVERSION = YES;
				CLANG_WARN_OBJC_IMPLICIT_RETAIN_SELF = YES;
				CLANG_WARN_OBJC_LITERAL_CONVERSION = YES;
				CLANG_WARN_OBJC_ROOT_CLASS = YES_ERROR;
				CLANG_WARN_QUOTED_INCLUDE_IN_FRAMEWORK_HEADER = YES;
				CLANG_WARN_RANGE_LOOP_ANALYSIS = YES;
				CLANG_WARN_STRICT_PROTOTYPES = YES;
				CLANG_WARN_SUSPICIOUS_MOVE = YES;
				CLANG_WARN_UNGUARDED_AVAILABILITY = YES_AGGRESSIVE;
				CLANG_WARN_UNREACHABLE_CODE = YES;
				CLANG_WARN__DUPLICATE_METHOD_MATCH = YES;
				COPY_PHASE_STRIP = NO;
				DEBUG_INFORMATION_FORMAT = "dwarf-with-dsym";
				ENABLE_NS_ASSERTIONS = NO;
				ENABLE_STRICT_OBJC_MSGSEND = YES;
				GCC_C_LANGUAGE_STANDARD = gnu11;
				GCC_NO_COMMON_BLOCKS = YES;
				GCC_WARN_64_TO_32_BIT_CONVERSION = YES;
				GCC_WARN_ABOUT_RETURN_TYPE = YES_ERROR;
				GCC_WARN_UNDECLARED_SELECTOR = YES;
				GCC_WARN_UNINITIALIZED_AUTOS = YES_AGGRESSIVE;
				GCC_WARN_UNUSED_FUNCTION = YES;
				GCC_WARN_UNUSED_VARIABLE = YES;
				IPHONEOS_DEPLOYMENT_TARGET = 16.0;
				MTL_ENABLE_DEBUG_INFO = NO;
				MTL_FAST_MATH = YES;
				SDKROOT = iphoneos;
				SWIFT_COMPILATION_MODE = wholemodule;
				SWIFT_OPTIMIZATION_LEVEL = "-O";
				VALIDATE_PRODUCT = YES;
			};
			name = Release;
		};
		665E928828F7BD140090B51F /* Debug */ = {
			isa = XCBuildConfiguration;
			baseConfigurationReference = C102E32FDDB84E9730B48F85 /* Pods-Pill_Information_Application_mk2.debug.xcconfig */;
			buildSettings = {
				ASSETCATALOG_COMPILER_APPICON_NAME = AppIcon;
				ASSETCATALOG_COMPILER_GLOBAL_ACCENT_COLOR_NAME = AccentColor;
				CODE_SIGN_ENTITLEMENTS = Pill_Information_Application_mk2/Pill_Information_Application_mk2.entitlements;
				CODE_SIGN_STYLE = Automatic;
				CURRENT_PROJECT_VERSION = 202212081;
				DEVELOPMENT_TEAM = VW2UR5Y845;
				GENERATE_INFOPLIST_FILE = YES;
				INFOPLIST_FILE = Pill_Information_Application_mk2/Info.plist;
				INFOPLIST_KEY_CFBundleDisplayName = "필쏘굿 - 알약 검색 앱";
				INFOPLIST_KEY_LSApplicationCategoryType = "public.app-category.lifestyle";
				INFOPLIST_KEY_NSPhotoLibraryUsageDescription = "사진를 사용하기 위해 권한이 필요합니다.";
				INFOPLIST_KEY_UIApplicationSupportsIndirectInputEvents = YES;
				INFOPLIST_KEY_UILaunchStoryboardName = LaunchScreen;
				INFOPLIST_KEY_UISupportedInterfaceOrientations_iPad = UIInterfaceOrientationPortrait;
				INFOPLIST_KEY_UISupportedInterfaceOrientations_iPhone = UIInterfaceOrientationPortrait;
				IPHONEOS_DEPLOYMENT_TARGET = 15.0;
				LD_RUNPATH_SEARCH_PATHS = (
					"$(inherited)",
					"@executable_path/Frameworks",
				);
				MARKETING_VERSION = 1.2.47;
				PRODUCT_BUNDLE_IDENTIFIER = "com.junhyeok.Pill-Information-Application-mk2";
				PRODUCT_NAME = "$(TARGET_NAME)";
				SUPPORTED_PLATFORMS = "iphoneos iphonesimulator";
				SUPPORTS_MACCATALYST = NO;
				SUPPORTS_MAC_DESIGNED_FOR_IPHONE_IPAD = YES;
				SWIFT_EMIT_LOC_STRINGS = YES;
				SWIFT_VERSION = 5.0;
				TARGETED_DEVICE_FAMILY = 1;
			};
			name = Debug;
		};
		665E928928F7BD140090B51F /* Release */ = {
			isa = XCBuildConfiguration;
			baseConfigurationReference = 6BBE0744EE99FB871F73F5EE /* Pods-Pill_Information_Application_mk2.release.xcconfig */;
			buildSettings = {
				ASSETCATALOG_COMPILER_APPICON_NAME = AppIcon;
				ASSETCATALOG_COMPILER_GLOBAL_ACCENT_COLOR_NAME = AccentColor;
				CODE_SIGN_ENTITLEMENTS = Pill_Information_Application_mk2/Pill_Information_Application_mk2.entitlements;
				CODE_SIGN_STYLE = Automatic;
				CURRENT_PROJECT_VERSION = 202212081;
				DEVELOPMENT_TEAM = VW2UR5Y845;
				GENERATE_INFOPLIST_FILE = YES;
				INFOPLIST_FILE = Pill_Information_Application_mk2/Info.plist;
				INFOPLIST_KEY_CFBundleDisplayName = "필쏘굿 - 알약 검색 앱";
				INFOPLIST_KEY_LSApplicationCategoryType = "public.app-category.lifestyle";
				INFOPLIST_KEY_NSPhotoLibraryUsageDescription = "사진를 사용하기 위해 권한이 필요합니다.";
				INFOPLIST_KEY_UIApplicationSupportsIndirectInputEvents = YES;
				INFOPLIST_KEY_UILaunchStoryboardName = LaunchScreen;
				INFOPLIST_KEY_UISupportedInterfaceOrientations_iPad = UIInterfaceOrientationPortrait;
				INFOPLIST_KEY_UISupportedInterfaceOrientations_iPhone = UIInterfaceOrientationPortrait;
				IPHONEOS_DEPLOYMENT_TARGET = 15.0;
				LD_RUNPATH_SEARCH_PATHS = (
					"$(inherited)",
					"@executable_path/Frameworks",
				);
				MARKETING_VERSION = 1.2.47;
				PRODUCT_BUNDLE_IDENTIFIER = "com.junhyeok.Pill-Information-Application-mk2";
				PRODUCT_NAME = "$(TARGET_NAME)";
				SUPPORTED_PLATFORMS = "iphoneos iphonesimulator";
				SUPPORTS_MACCATALYST = NO;
				SUPPORTS_MAC_DESIGNED_FOR_IPHONE_IPAD = YES;
				SWIFT_EMIT_LOC_STRINGS = YES;
				SWIFT_VERSION = 5.0;
				TARGETED_DEVICE_FAMILY = 1;
			};
			name = Release;
		};
/* End XCBuildConfiguration section */

/* Begin XCConfigurationList section */
		665E926E28F7BD130090B51F /* Build configuration list for PBXProject "Pill_Information_Application_mk2" */ = {
			isa = XCConfigurationList;
			buildConfigurations = (
				665E928528F7BD140090B51F /* Debug */,
				665E928628F7BD140090B51F /* Release */,
			);
			defaultConfigurationIsVisible = 0;
			defaultConfigurationName = Release;
		};
		665E928728F7BD140090B51F /* Build configuration list for PBXNativeTarget "Pill_Information_Application_mk2" */ = {
			isa = XCConfigurationList;
			buildConfigurations = (
				665E928828F7BD140090B51F /* Debug */,
				665E928928F7BD140090B51F /* Release */,
			);
			defaultConfigurationIsVisible = 0;
			defaultConfigurationName = Release;
		};
/* End XCConfigurationList section */

/* Begin XCRemoteSwiftPackageReference section */
		661DB27D28FFD4B300F79691 /* XCRemoteSwiftPackageReference "SnapKit" */ = {
			isa = XCRemoteSwiftPackageReference;
			repositoryURL = "https://github.com/SnapKit/SnapKit.git";
			requirement = {
				kind = upToNextMinorVersion;
				minimumVersion = 5.6.0;
			};
		};
		6661B05A293A5859003F18B0 /* XCRemoteSwiftPackageReference "firebase-ios-sdk" */ = {
			isa = XCRemoteSwiftPackageReference;
			repositoryURL = "https://github.com/firebase/firebase-ios-sdk";
			requirement = {
				kind = upToNextMinorVersion;
				minimumVersion = 9.6.0;
			};
		};
/* End XCRemoteSwiftPackageReference section */

/* Begin XCSwiftPackageProductDependency section */
		661DB27E28FFD4B300F79691 /* SnapKit */ = {
			isa = XCSwiftPackageProductDependency;
			package = 661DB27D28FFD4B300F79691 /* XCRemoteSwiftPackageReference "SnapKit" */;
			productName = SnapKit;
		};
		6661B05B293A5859003F18B0 /* FirebaseAuth */ = {
			isa = XCSwiftPackageProductDependency;
			package = 6661B05A293A5859003F18B0 /* XCRemoteSwiftPackageReference "firebase-ios-sdk" */;
			productName = FirebaseAuth;
		};
/* End XCSwiftPackageProductDependency section */
	};
	rootObject = 665E926B28F7BD130090B51F /* Project object */;
}
